// !$*UTF8*$!
{
	archiveVersion = 1;
	classes = {
	};
	objectVersion = 46;
	objects = {

/* Begin PBXBuildFile section */
		88333A4E1ACB5617000A9E5A /* InviteFriendsTableViewCell.m in Sources */ = {isa = PBXBuildFile; fileRef = 88333A4D1ACB5617000A9E5A /* InviteFriendsTableViewCell.m */; };
		883C66031AC1DDE500258869 /* DVYCampaign.m in Sources */ = {isa = PBXBuildFile; fileRef = 883C65FF1AC1DDE500258869 /* DVYCampaign.m */; };
		883C66041AC1DDE500258869 /* DVYUser.m in Sources */ = {isa = PBXBuildFile; fileRef = 883C66011AC1DDE500258869 /* DVYUser.m */; };
		883C66071AC1F03D00258869 /* DVYRelationshipToken.m in Sources */ = {isa = PBXBuildFile; fileRef = 883C66051AC1F03D00258869 /* DVYRelationshipToken.m */; };
		889CE9841AC08C0100F04C0B /* DVYDataStore.m in Sources */ = {isa = PBXBuildFile; fileRef = 889CE9831AC08C0100F04C0B /* DVYDataStore.m */; };
		889CE9881AC08CF400F04C0B /* DVYParseAPIClient.m in Sources */ = {isa = PBXBuildFile; fileRef = 889CE9871AC08CF400F04C0B /* DVYParseAPIClient.m */; };
		889CE9921AC0AF8E00F04C0B /* DVYFacebookLoginViewController.m in Sources */ = {isa = PBXBuildFile; fileRef = 889CE9901AC0AF8E00F04C0B /* DVYFacebookLoginViewController.m */; };
		889CE9931AC0AF8E00F04C0B /* DVYFacebookLoginViewController.xib in Resources */ = {isa = PBXBuildFile; fileRef = 889CE9911AC0AF8E00F04C0B /* DVYFacebookLoginViewController.xib */; };
		889CE9971AC0D9DC00F04C0B /* DVYTableViewCell.m in Sources */ = {isa = PBXBuildFile; fileRef = 889CE9961AC0D9DC00F04C0B /* DVYTableViewCell.m */; };
		88B55FD51AC5B0EB002A83AE /* DVYCampaignDetailView.xib in Resources */ = {isa = PBXBuildFile; fileRef = 88B55FD41AC5B0EA002A83AE /* DVYCampaignDetailView.xib */; };
		88B55FD81AC5F0DD002A83AE /* Item.m in Sources */ = {isa = PBXBuildFile; fileRef = 88B55FD71AC5F0DD002A83AE /* Item.m */; };
		88B560151AC999BC002A83AE /* DVYOtherCampaignViewController.m in Sources */ = {isa = PBXBuildFile; fileRef = 88B560131AC999BC002A83AE /* DVYOtherCampaignViewController.m */; };
		88B560161AC999BC002A83AE /* DVYOtherCampaignViewController.xib in Resources */ = {isa = PBXBuildFile; fileRef = 88B560141AC999BC002A83AE /* DVYOtherCampaignViewController.xib */; };
		88D446341AC36F9F00F1A530 /* CreateFlow.storyboard in Resources */ = {isa = PBXBuildFile; fileRef = 88D446331AC36F9F00F1A530 /* CreateFlow.storyboard */; };
		88D446371AC3701900F1A530 /* DVYCreateCampaignViewController.m in Sources */ = {isa = PBXBuildFile; fileRef = 88D446361AC3701900F1A530 /* DVYCreateCampaignViewController.m */; };
		88D4463A1AC3708F00F1A530 /* DVYCampaignDetailView.m in Sources */ = {isa = PBXBuildFile; fileRef = 88D446391AC3708F00F1A530 /* DVYCampaignDetailView.m */; };
		88D4463D1AC370D600F1A530 /* DVYSelfCampaignViewController.m in Sources */ = {isa = PBXBuildFile; fileRef = 88D4463C1AC370D600F1A530 /* DVYSelfCampaignViewController.m */; };
		88D446401AC371B400F1A530 /* DVYInviteFriendsTableViewController.m in Sources */ = {isa = PBXBuildFile; fileRef = 88D4463F1AC371B400F1A530 /* DVYInviteFriendsTableViewController.m */; };
		88D4A6051AB36ADC00AAB9A0 /* StoreKit.framework in Frameworks */ = {isa = PBXBuildFile; fileRef = 88D4A5E01AB228D700AAB9A0 /* StoreKit.framework */; };
		88D4A6061AB36AE300AAB9A0 /* Security.framework in Frameworks */ = {isa = PBXBuildFile; fileRef = 88D4A5DE1AB228D100AAB9A0 /* Security.framework */; };
		88D4A6071AB36AE300AAB9A0 /* QuartzCore.framework in Frameworks */ = {isa = PBXBuildFile; fileRef = 88D4A5DC1AB228C900AAB9A0 /* QuartzCore.framework */; };
		88D4A6081AB36AE300AAB9A0 /* MobileCoreServices.framework in Frameworks */ = {isa = PBXBuildFile; fileRef = 88D4A5DA1AB228C500AAB9A0 /* MobileCoreServices.framework */; };
		88D4A6091AB36AE300AAB9A0 /* CFNetwork.framework in Frameworks */ = {isa = PBXBuildFile; fileRef = 88D4A5D81AB228BA00AAB9A0 /* CFNetwork.framework */; };
		88D4A60A1AB36AE300AAB9A0 /* CoreLocation.framework in Frameworks */ = {isa = PBXBuildFile; fileRef = 88D4A5D61AB2288500AAB9A0 /* CoreLocation.framework */; };
		88D4A60B1AB36AE300AAB9A0 /* CoreGraphics.framework in Frameworks */ = {isa = PBXBuildFile; fileRef = 88D4A5D41AB2288100AAB9A0 /* CoreGraphics.framework */; };
		88D4A60C1AB36AE300AAB9A0 /* libsqlite3.dylib in Frameworks */ = {isa = PBXBuildFile; fileRef = 88D4A5D21AB2287200AAB9A0 /* libsqlite3.dylib */; };
		88D4A60D1AB36AE300AAB9A0 /* AudioToolbox.framework in Frameworks */ = {isa = PBXBuildFile; fileRef = 88D4A5D01AB2286B00AAB9A0 /* AudioToolbox.framework */; };
		88D4A60E1AB36AE300AAB9A0 /* SystemConfiguration.framework in Frameworks */ = {isa = PBXBuildFile; fileRef = 88D4A5E21AB228E000AAB9A0 /* SystemConfiguration.framework */; };
		88D4A60F1AB36AE300AAB9A0 /* libz.dylib in Frameworks */ = {isa = PBXBuildFile; fileRef = 88D4A5E41AB228E800AAB9A0 /* libz.dylib */; };
		88E94ED71AA7A4C90052FA35 /* main.m in Sources */ = {isa = PBXBuildFile; fileRef = 88E94ED61AA7A4C90052FA35 /* main.m */; };
		88E94EDA1AA7A4C90052FA35 /* AppDelegate.m in Sources */ = {isa = PBXBuildFile; fileRef = 88E94ED91AA7A4C90052FA35 /* AppDelegate.m */; };
		88E94EE01AA7A4C90052FA35 /* Main.storyboard in Resources */ = {isa = PBXBuildFile; fileRef = 88E94EDE1AA7A4C90052FA35 /* Main.storyboard */; };
		88E94EE21AA7A4C90052FA35 /* Images.xcassets in Resources */ = {isa = PBXBuildFile; fileRef = 88E94EE11AA7A4C90052FA35 /* Images.xcassets */; };
		88E94EE51AA7A4C90052FA35 /* LaunchScreen.xib in Resources */ = {isa = PBXBuildFile; fileRef = 88E94EE31AA7A4C90052FA35 /* LaunchScreen.xib */; };
		88E94EF11AA7A4C90052FA35 /* JACrowdPurchasingAppTests.m in Sources */ = {isa = PBXBuildFile; fileRef = 88E94EF01AA7A4C90052FA35 /* JACrowdPurchasingAppTests.m */; };
		88EF0BF91ABCD57900897A21 /* DVYHomePageViewController.m in Sources */ = {isa = PBXBuildFile; fileRef = 88EF0BF71ABCD57900897A21 /* DVYHomePageViewController.m */; };
		88F19C1A1AE2BBFF00914E31 /* DVYTableViewCell.xib in Resources */ = {isa = PBXBuildFile; fileRef = 88F19C181AE2BBFF00914E31 /* DVYTableViewCell.xib */; };
		88F19C1D1AE2D3F200914E31 /* DVYBasicAPIClient.m in Sources */ = {isa = PBXBuildFile; fileRef = 88F19C1C1AE2D3F200914E31 /* DVYBasicAPIClient.m */; };
		88F19C201AE3068800914E31 /* SWRevealViewController.m in Sources */ = {isa = PBXBuildFile; fileRef = 88F19C1F1AE3068800914E31 /* SWRevealViewController.m */; };
		88F19C261AE30C1700914E31 /* DVYCommittedFriendsCollectionViewController.m in Sources */ = {isa = PBXBuildFile; fileRef = 88F19C241AE30C1700914E31 /* DVYCommittedFriendsCollectionViewController.m */; };
		88F19C271AE30C1700914E31 /* DVYCommittedFriendsCollectionViewController.xib in Resources */ = {isa = PBXBuildFile; fileRef = 88F19C251AE30C1700914E31 /* DVYCommittedFriendsCollectionViewController.xib */; };
		88F19C2B1AE3113C00914E31 /* FriendCollectionViewCell.m in Sources */ = {isa = PBXBuildFile; fileRef = 88F19C291AE3113C00914E31 /* FriendCollectionViewCell.m */; };
		88F19C2C1AE3113C00914E31 /* FriendCollectionViewCell.xib in Resources */ = {isa = PBXBuildFile; fileRef = 88F19C2A1AE3113C00914E31 /* FriendCollectionViewCell.xib */; };
		88F19C301AE4976600914E31 /* HamburgerMenuViewController.m in Sources */ = {isa = PBXBuildFile; fileRef = 88F19C2F1AE4976600914E31 /* HamburgerMenuViewController.m */; };
		88F19C341AE49DC400914E31 /* SearchDvvyUsersViewController.m in Sources */ = {isa = PBXBuildFile; fileRef = 88F19C331AE49DC400914E31 /* SearchDvvyUsersViewController.m */; };
		88F367291AC9C670009358FA /* DVYSelfCampaignViewController.xib in Resources */ = {isa = PBXBuildFile; fileRef = 88F367281AC9C670009358FA /* DVYSelfCampaignViewController.xib */; };
		88F3672B1AC9DB39009358FA /* DVYCreateCampaignViewController.xib in Resources */ = {isa = PBXBuildFile; fileRef = 88F3672A1AC9DB39009358FA /* DVYCreateCampaignViewController.xib */; };
		A2E458A7B6546632644441BF /* libPods-JACrowdPurchasingApp.a in Frameworks */ = {isa = PBXBuildFile; fileRef = CA848941C109929DE44BCAB5 /* libPods-JACrowdPurchasingApp.a */; };
		A85D88501AE5AE7800251AEF /* friendsIcon.png in Resources */ = {isa = PBXBuildFile; fileRef = A85D884B1AE5AE7800251AEF /* friendsIcon.png */; };
		A85D88511AE5AE7800251AEF /* settingIcon.png in Resources */ = {isa = PBXBuildFile; fileRef = A85D884C1AE5AE7800251AEF /* settingIcon.png */; };
		A85D88521AE5AE7800251AEF /* magGlassIcon.png in Resources */ = {isa = PBXBuildFile; fileRef = A85D884D1AE5AE7800251AEF /* magGlassIcon.png */; };
		A85D88531AE5AE7800251AEF /* homeIcon.png in Resources */ = {isa = PBXBuildFile; fileRef = A85D884E1AE5AE7800251AEF /* homeIcon.png */; };
		A85D88541AE5AE7800251AEF /* signOutIcon.png in Resources */ = {isa = PBXBuildFile; fileRef = A85D884F1AE5AE7800251AEF /* signOutIcon.png */; };
		A8A43DA91ACEBABC00B60520 /* UIColor+dvvyColors.m in Sources */ = {isa = PBXBuildFile; fileRef = A8A43DA81ACEBABC00B60520 /* UIColor+dvvyColors.m */; };
		A8C717331AD29EAD0016054B /* Mexican_Pusheen.gif in Resources */ = {isa = PBXBuildFile; fileRef = A8C717321AD29EAD0016054B /* Mexican_Pusheen.gif */; };
		A8C717361AD2B3E40016054B /* UIImage+animatedGIF.m in Sources */ = {isa = PBXBuildFile; fileRef = A8C717351AD2B3E40016054B /* UIImage+animatedGIF.m */; };
		A8C717381AD2B4390016054B /* ImageIO.framework in Frameworks */ = {isa = PBXBuildFile; fileRef = A8C717371AD2B4390016054B /* ImageIO.framework */; };
/* End PBXBuildFile section */

/* Begin PBXContainerItemProxy section */
		88E94EEB1AA7A4C90052FA35 /* PBXContainerItemProxy */ = {
			isa = PBXContainerItemProxy;
			containerPortal = 88E94EC91AA7A4C80052FA35 /* Project object */;
			proxyType = 1;
			remoteGlobalIDString = 88E94ED01AA7A4C90052FA35;
			remoteInfo = JACrowdPurchasingApp;
		};
/* End PBXContainerItemProxy section */

/* Begin PBXFileReference section */
		347DA0D6EB713E0622E32F32 /* Pods-JACrowdPurchasingApp.debug.xcconfig */ = {isa = PBXFileReference; includeInIndex = 1; lastKnownFileType = text.xcconfig; name = "Pods-JACrowdPurchasingApp.debug.xcconfig"; path = "Pods/Target Support Files/Pods-JACrowdPurchasingApp/Pods-JACrowdPurchasingApp.debug.xcconfig"; sourceTree = "<group>"; };
		4BC1FCC98B618CDBA8E44809 /* Pods-JACrowdPurchasingApp.release.xcconfig */ = {isa = PBXFileReference; includeInIndex = 1; lastKnownFileType = text.xcconfig; name = "Pods-JACrowdPurchasingApp.release.xcconfig"; path = "Pods/Target Support Files/Pods-JACrowdPurchasingApp/Pods-JACrowdPurchasingApp.release.xcconfig"; sourceTree = "<group>"; };
		88333A4C1ACB5617000A9E5A /* InviteFriendsTableViewCell.h */ = {isa = PBXFileReference; fileEncoding = 4; lastKnownFileType = sourcecode.c.h; path = InviteFriendsTableViewCell.h; sourceTree = "<group>"; };
		88333A4D1ACB5617000A9E5A /* InviteFriendsTableViewCell.m */ = {isa = PBXFileReference; fileEncoding = 4; lastKnownFileType = sourcecode.c.objc; path = InviteFriendsTableViewCell.m; sourceTree = "<group>"; };
		883C65FF1AC1DDE500258869 /* DVYCampaign.m */ = {isa = PBXFileReference; fileEncoding = 4; lastKnownFileType = sourcecode.c.objc; path = DVYCampaign.m; sourceTree = "<group>"; };
		883C66001AC1DDE500258869 /* DVYUser.h */ = {isa = PBXFileReference; fileEncoding = 4; lastKnownFileType = sourcecode.c.h; path = DVYUser.h; sourceTree = "<group>"; };
		883C66011AC1DDE500258869 /* DVYUser.m */ = {isa = PBXFileReference; fileEncoding = 4; lastKnownFileType = sourcecode.c.objc; path = DVYUser.m; sourceTree = "<group>"; };
		883C66021AC1DDE500258869 /* DVYCampaign.h */ = {isa = PBXFileReference; fileEncoding = 4; lastKnownFileType = sourcecode.c.h; path = DVYCampaign.h; sourceTree = "<group>"; };
		883C66051AC1F03D00258869 /* DVYRelationshipToken.m */ = {isa = PBXFileReference; fileEncoding = 4; lastKnownFileType = sourcecode.c.objc; path = DVYRelationshipToken.m; sourceTree = "<group>"; };
		883C66061AC1F03D00258869 /* DVYRelationshipToken.h */ = {isa = PBXFileReference; fileEncoding = 4; lastKnownFileType = sourcecode.c.h; path = DVYRelationshipToken.h; sourceTree = "<group>"; };
		889CE9821AC08C0100F04C0B /* DVYDataStore.h */ = {isa = PBXFileReference; fileEncoding = 4; lastKnownFileType = sourcecode.c.h; path = DVYDataStore.h; sourceTree = "<group>"; };
		889CE9831AC08C0100F04C0B /* DVYDataStore.m */ = {isa = PBXFileReference; fileEncoding = 4; lastKnownFileType = sourcecode.c.objc; path = DVYDataStore.m; sourceTree = "<group>"; };
		889CE9861AC08CF400F04C0B /* DVYParseAPIClient.h */ = {isa = PBXFileReference; fileEncoding = 4; lastKnownFileType = sourcecode.c.h; path = DVYParseAPIClient.h; sourceTree = "<group>"; };
		889CE9871AC08CF400F04C0B /* DVYParseAPIClient.m */ = {isa = PBXFileReference; fileEncoding = 4; lastKnownFileType = sourcecode.c.objc; path = DVYParseAPIClient.m; sourceTree = "<group>"; };
		889CE98F1AC0AF8E00F04C0B /* DVYFacebookLoginViewController.h */ = {isa = PBXFileReference; fileEncoding = 4; lastKnownFileType = sourcecode.c.h; path = DVYFacebookLoginViewController.h; sourceTree = "<group>"; };
		889CE9901AC0AF8E00F04C0B /* DVYFacebookLoginViewController.m */ = {isa = PBXFileReference; fileEncoding = 4; lastKnownFileType = sourcecode.c.objc; path = DVYFacebookLoginViewController.m; sourceTree = "<group>"; };
		889CE9911AC0AF8E00F04C0B /* DVYFacebookLoginViewController.xib */ = {isa = PBXFileReference; fileEncoding = 4; lastKnownFileType = file.xib; path = DVYFacebookLoginViewController.xib; sourceTree = "<group>"; };
		889CE9951AC0D9DC00F04C0B /* DVYTableViewCell.h */ = {isa = PBXFileReference; fileEncoding = 4; lastKnownFileType = sourcecode.c.h; path = DVYTableViewCell.h; sourceTree = "<group>"; };
		889CE9961AC0D9DC00F04C0B /* DVYTableViewCell.m */ = {isa = PBXFileReference; fileEncoding = 4; lastKnownFileType = sourcecode.c.objc; path = DVYTableViewCell.m; sourceTree = "<group>"; };
		88B55FD41AC5B0EA002A83AE /* DVYCampaignDetailView.xib */ = {isa = PBXFileReference; fileEncoding = 4; lastKnownFileType = file.xib; path = DVYCampaignDetailView.xib; sourceTree = "<group>"; };
		88B55FD61AC5F0DD002A83AE /* Item.h */ = {isa = PBXFileReference; fileEncoding = 4; lastKnownFileType = sourcecode.c.h; path = Item.h; sourceTree = "<group>"; };
		88B55FD71AC5F0DD002A83AE /* Item.m */ = {isa = PBXFileReference; fileEncoding = 4; lastKnownFileType = sourcecode.c.objc; path = Item.m; sourceTree = "<group>"; };
		88B560121AC999BC002A83AE /* DVYOtherCampaignViewController.h */ = {isa = PBXFileReference; fileEncoding = 4; lastKnownFileType = sourcecode.c.h; path = DVYOtherCampaignViewController.h; sourceTree = "<group>"; };
		88B560131AC999BC002A83AE /* DVYOtherCampaignViewController.m */ = {isa = PBXFileReference; fileEncoding = 4; lastKnownFileType = sourcecode.c.objc; path = DVYOtherCampaignViewController.m; sourceTree = "<group>"; };
		88B560141AC999BC002A83AE /* DVYOtherCampaignViewController.xib */ = {isa = PBXFileReference; fileEncoding = 4; lastKnownFileType = file.xib; path = DVYOtherCampaignViewController.xib; sourceTree = "<group>"; };
		88D446331AC36F9F00F1A530 /* CreateFlow.storyboard */ = {isa = PBXFileReference; fileEncoding = 4; lastKnownFileType = file.storyboard; path = CreateFlow.storyboard; sourceTree = "<group>"; };
		88D446351AC3701900F1A530 /* DVYCreateCampaignViewController.h */ = {isa = PBXFileReference; fileEncoding = 4; lastKnownFileType = sourcecode.c.h; path = DVYCreateCampaignViewController.h; sourceTree = "<group>"; };
		88D446361AC3701900F1A530 /* DVYCreateCampaignViewController.m */ = {isa = PBXFileReference; fileEncoding = 4; lastKnownFileType = sourcecode.c.objc; path = DVYCreateCampaignViewController.m; sourceTree = "<group>"; };
		88D446381AC3708F00F1A530 /* DVYCampaignDetailView.h */ = {isa = PBXFileReference; fileEncoding = 4; lastKnownFileType = sourcecode.c.h; path = DVYCampaignDetailView.h; sourceTree = "<group>"; };
		88D446391AC3708F00F1A530 /* DVYCampaignDetailView.m */ = {isa = PBXFileReference; fileEncoding = 4; lastKnownFileType = sourcecode.c.objc; path = DVYCampaignDetailView.m; sourceTree = "<group>"; };
		88D4463B1AC370D600F1A530 /* DVYSelfCampaignViewController.h */ = {isa = PBXFileReference; fileEncoding = 4; lastKnownFileType = sourcecode.c.h; path = DVYSelfCampaignViewController.h; sourceTree = "<group>"; };
		88D4463C1AC370D600F1A530 /* DVYSelfCampaignViewController.m */ = {isa = PBXFileReference; fileEncoding = 4; lastKnownFileType = sourcecode.c.objc; path = DVYSelfCampaignViewController.m; sourceTree = "<group>"; };
		88D4463E1AC371B400F1A530 /* DVYInviteFriendsTableViewController.h */ = {isa = PBXFileReference; fileEncoding = 4; lastKnownFileType = sourcecode.c.h; path = DVYInviteFriendsTableViewController.h; sourceTree = "<group>"; };
		88D4463F1AC371B400F1A530 /* DVYInviteFriendsTableViewController.m */ = {isa = PBXFileReference; fileEncoding = 4; lastKnownFileType = sourcecode.c.objc; path = DVYInviteFriendsTableViewController.m; sourceTree = "<group>"; };
		88D4A5D01AB2286B00AAB9A0 /* AudioToolbox.framework */ = {isa = PBXFileReference; lastKnownFileType = wrapper.framework; name = AudioToolbox.framework; path = System/Library/Frameworks/AudioToolbox.framework; sourceTree = SDKROOT; };
		88D4A5D21AB2287200AAB9A0 /* libsqlite3.dylib */ = {isa = PBXFileReference; lastKnownFileType = "compiled.mach-o.dylib"; name = libsqlite3.dylib; path = usr/lib/libsqlite3.dylib; sourceTree = SDKROOT; };
		88D4A5D41AB2288100AAB9A0 /* CoreGraphics.framework */ = {isa = PBXFileReference; lastKnownFileType = wrapper.framework; name = CoreGraphics.framework; path = System/Library/Frameworks/CoreGraphics.framework; sourceTree = SDKROOT; };
		88D4A5D61AB2288500AAB9A0 /* CoreLocation.framework */ = {isa = PBXFileReference; lastKnownFileType = wrapper.framework; name = CoreLocation.framework; path = System/Library/Frameworks/CoreLocation.framework; sourceTree = SDKROOT; };
		88D4A5D81AB228BA00AAB9A0 /* CFNetwork.framework */ = {isa = PBXFileReference; lastKnownFileType = wrapper.framework; name = CFNetwork.framework; path = System/Library/Frameworks/CFNetwork.framework; sourceTree = SDKROOT; };
		88D4A5DA1AB228C500AAB9A0 /* MobileCoreServices.framework */ = {isa = PBXFileReference; lastKnownFileType = wrapper.framework; name = MobileCoreServices.framework; path = System/Library/Frameworks/MobileCoreServices.framework; sourceTree = SDKROOT; };
		88D4A5DC1AB228C900AAB9A0 /* QuartzCore.framework */ = {isa = PBXFileReference; lastKnownFileType = wrapper.framework; name = QuartzCore.framework; path = System/Library/Frameworks/QuartzCore.framework; sourceTree = SDKROOT; };
		88D4A5DE1AB228D100AAB9A0 /* Security.framework */ = {isa = PBXFileReference; lastKnownFileType = wrapper.framework; name = Security.framework; path = System/Library/Frameworks/Security.framework; sourceTree = SDKROOT; };
		88D4A5E01AB228D700AAB9A0 /* StoreKit.framework */ = {isa = PBXFileReference; lastKnownFileType = wrapper.framework; name = StoreKit.framework; path = System/Library/Frameworks/StoreKit.framework; sourceTree = SDKROOT; };
		88D4A5E21AB228E000AAB9A0 /* SystemConfiguration.framework */ = {isa = PBXFileReference; lastKnownFileType = wrapper.framework; name = SystemConfiguration.framework; path = System/Library/Frameworks/SystemConfiguration.framework; sourceTree = SDKROOT; };
		88D4A5E41AB228E800AAB9A0 /* libz.dylib */ = {isa = PBXFileReference; lastKnownFileType = "compiled.mach-o.dylib"; name = libz.dylib; path = usr/lib/libz.dylib; sourceTree = SDKROOT; };
		88E94ED11AA7A4C90052FA35 /* JACrowdPurchasingApp.app */ = {isa = PBXFileReference; explicitFileType = wrapper.application; includeInIndex = 0; path = JACrowdPurchasingApp.app; sourceTree = BUILT_PRODUCTS_DIR; };
		88E94ED51AA7A4C90052FA35 /* Info.plist */ = {isa = PBXFileReference; lastKnownFileType = text.plist.xml; path = Info.plist; sourceTree = "<group>"; };
		88E94ED61AA7A4C90052FA35 /* main.m */ = {isa = PBXFileReference; lastKnownFileType = sourcecode.c.objc; path = main.m; sourceTree = "<group>"; };
		88E94ED81AA7A4C90052FA35 /* AppDelegate.h */ = {isa = PBXFileReference; lastKnownFileType = sourcecode.c.h; path = AppDelegate.h; sourceTree = "<group>"; };
		88E94ED91AA7A4C90052FA35 /* AppDelegate.m */ = {isa = PBXFileReference; lastKnownFileType = sourcecode.c.objc; path = AppDelegate.m; sourceTree = "<group>"; };
		88E94EDF1AA7A4C90052FA35 /* Base */ = {isa = PBXFileReference; lastKnownFileType = file.storyboard; name = Base; path = Base.lproj/Main.storyboard; sourceTree = "<group>"; };
		88E94EE11AA7A4C90052FA35 /* Images.xcassets */ = {isa = PBXFileReference; lastKnownFileType = folder.assetcatalog; path = Images.xcassets; sourceTree = "<group>"; };
		88E94EE41AA7A4C90052FA35 /* Base */ = {isa = PBXFileReference; lastKnownFileType = file.xib; name = Base; path = Base.lproj/LaunchScreen.xib; sourceTree = "<group>"; };
		88E94EEA1AA7A4C90052FA35 /* JACrowdPurchasingAppTests.xctest */ = {isa = PBXFileReference; explicitFileType = wrapper.cfbundle; includeInIndex = 0; path = JACrowdPurchasingAppTests.xctest; sourceTree = BUILT_PRODUCTS_DIR; };
		88E94EEF1AA7A4C90052FA35 /* Info.plist */ = {isa = PBXFileReference; lastKnownFileType = text.plist.xml; path = Info.plist; sourceTree = "<group>"; };
		88E94EF01AA7A4C90052FA35 /* JACrowdPurchasingAppTests.m */ = {isa = PBXFileReference; lastKnownFileType = sourcecode.c.objc; path = JACrowdPurchasingAppTests.m; sourceTree = "<group>"; };
		88EF0BF21ABCCF9300897A21 /* libPods-JACrowdPurchasingApp-Bolts.a */ = {isa = PBXFileReference; lastKnownFileType = archive.ar; name = "libPods-JACrowdPurchasingApp-Bolts.a"; path = "Pods/build/Debug-iphoneos/libPods-JACrowdPurchasingApp-Bolts.a"; sourceTree = "<group>"; };
		88EF0BF61ABCD57900897A21 /* DVYHomePageViewController.h */ = {isa = PBXFileReference; fileEncoding = 4; lastKnownFileType = sourcecode.c.h; path = DVYHomePageViewController.h; sourceTree = "<group>"; };
		88EF0BF71ABCD57900897A21 /* DVYHomePageViewController.m */ = {isa = PBXFileReference; fileEncoding = 4; lastKnownFileType = sourcecode.c.objc; path = DVYHomePageViewController.m; sourceTree = "<group>"; };
		88F19C181AE2BBFF00914E31 /* DVYTableViewCell.xib */ = {isa = PBXFileReference; fileEncoding = 4; lastKnownFileType = file.xib; path = DVYTableViewCell.xib; sourceTree = "<group>"; };
		88F19C1B1AE2D3F200914E31 /* DVYBasicAPIClient.h */ = {isa = PBXFileReference; fileEncoding = 4; lastKnownFileType = sourcecode.c.h; path = DVYBasicAPIClient.h; sourceTree = "<group>"; };
		88F19C1C1AE2D3F200914E31 /* DVYBasicAPIClient.m */ = {isa = PBXFileReference; fileEncoding = 4; lastKnownFileType = sourcecode.c.objc; path = DVYBasicAPIClient.m; sourceTree = "<group>"; };
		88F19C1E1AE3068800914E31 /* SWRevealViewController.h */ = {isa = PBXFileReference; fileEncoding = 4; lastKnownFileType = sourcecode.c.h; path = SWRevealViewController.h; sourceTree = "<group>"; };
		88F19C1F1AE3068800914E31 /* SWRevealViewController.m */ = {isa = PBXFileReference; fileEncoding = 4; lastKnownFileType = sourcecode.c.objc; path = SWRevealViewController.m; sourceTree = "<group>"; };
		88F19C231AE30C1700914E31 /* DVYCommittedFriendsCollectionViewController.h */ = {isa = PBXFileReference; fileEncoding = 4; lastKnownFileType = sourcecode.c.h; path = DVYCommittedFriendsCollectionViewController.h; sourceTree = "<group>"; };
		88F19C241AE30C1700914E31 /* DVYCommittedFriendsCollectionViewController.m */ = {isa = PBXFileReference; fileEncoding = 4; lastKnownFileType = sourcecode.c.objc; path = DVYCommittedFriendsCollectionViewController.m; sourceTree = "<group>"; };
		88F19C251AE30C1700914E31 /* DVYCommittedFriendsCollectionViewController.xib */ = {isa = PBXFileReference; fileEncoding = 4; lastKnownFileType = file.xib; path = DVYCommittedFriendsCollectionViewController.xib; sourceTree = "<group>"; };
		88F19C281AE3113C00914E31 /* FriendCollectionViewCell.h */ = {isa = PBXFileReference; fileEncoding = 4; lastKnownFileType = sourcecode.c.h; path = FriendCollectionViewCell.h; sourceTree = "<group>"; };
		88F19C291AE3113C00914E31 /* FriendCollectionViewCell.m */ = {isa = PBXFileReference; fileEncoding = 4; lastKnownFileType = sourcecode.c.objc; path = FriendCollectionViewCell.m; sourceTree = "<group>"; };
		88F19C2A1AE3113C00914E31 /* FriendCollectionViewCell.xib */ = {isa = PBXFileReference; fileEncoding = 4; lastKnownFileType = file.xib; path = FriendCollectionViewCell.xib; sourceTree = "<group>"; };
		88F19C2E1AE4976600914E31 /* HamburgerMenuViewController.h */ = {isa = PBXFileReference; fileEncoding = 4; lastKnownFileType = sourcecode.c.h; path = HamburgerMenuViewController.h; sourceTree = "<group>"; };
		88F19C2F1AE4976600914E31 /* HamburgerMenuViewController.m */ = {isa = PBXFileReference; fileEncoding = 4; lastKnownFileType = sourcecode.c.objc; path = HamburgerMenuViewController.m; sourceTree = "<group>"; };
		88F19C321AE49DC400914E31 /* SearchDvvyUsersViewController.h */ = {isa = PBXFileReference; fileEncoding = 4; lastKnownFileType = sourcecode.c.h; path = SearchDvvyUsersViewController.h; sourceTree = "<group>"; };
		88F19C331AE49DC400914E31 /* SearchDvvyUsersViewController.m */ = {isa = PBXFileReference; fileEncoding = 4; lastKnownFileType = sourcecode.c.objc; path = SearchDvvyUsersViewController.m; sourceTree = "<group>"; };
		88F367281AC9C670009358FA /* DVYSelfCampaignViewController.xib */ = {isa = PBXFileReference; fileEncoding = 4; lastKnownFileType = file.xib; path = DVYSelfCampaignViewController.xib; sourceTree = "<group>"; };
		88F3672A1AC9DB39009358FA /* DVYCreateCampaignViewController.xib */ = {isa = PBXFileReference; fileEncoding = 4; lastKnownFileType = file.xib; path = DVYCreateCampaignViewController.xib; sourceTree = "<group>"; };
		A85D884B1AE5AE7800251AEF /* friendsIcon.png */ = {isa = PBXFileReference; lastKnownFileType = image.png; path = friendsIcon.png; sourceTree = "<group>"; };
		A85D884C1AE5AE7800251AEF /* settingIcon.png */ = {isa = PBXFileReference; lastKnownFileType = image.png; path = settingIcon.png; sourceTree = "<group>"; };
		A85D884D1AE5AE7800251AEF /* magGlassIcon.png */ = {isa = PBXFileReference; lastKnownFileType = image.png; path = magGlassIcon.png; sourceTree = "<group>"; };
		A85D884E1AE5AE7800251AEF /* homeIcon.png */ = {isa = PBXFileReference; lastKnownFileType = image.png; path = homeIcon.png; sourceTree = "<group>"; };
		A85D884F1AE5AE7800251AEF /* signOutIcon.png */ = {isa = PBXFileReference; lastKnownFileType = image.png; path = signOutIcon.png; sourceTree = "<group>"; };
		A8A43DA71ACEBABC00B60520 /* UIColor+dvvyColors.h */ = {isa = PBXFileReference; fileEncoding = 4; lastKnownFileType = sourcecode.c.h; path = "UIColor+dvvyColors.h"; sourceTree = "<group>"; };
		A8A43DA81ACEBABC00B60520 /* UIColor+dvvyColors.m */ = {isa = PBXFileReference; fileEncoding = 4; lastKnownFileType = sourcecode.c.objc; path = "UIColor+dvvyColors.m"; sourceTree = "<group>"; };
		A8C717321AD29EAD0016054B /* Mexican_Pusheen.gif */ = {isa = PBXFileReference; lastKnownFileType = image.gif; path = Mexican_Pusheen.gif; sourceTree = "<group>"; };
		A8C717341AD2B3E40016054B /* UIImage+animatedGIF.h */ = {isa = PBXFileReference; fileEncoding = 4; lastKnownFileType = sourcecode.c.h; path = "UIImage+animatedGIF.h"; sourceTree = "<group>"; };
		A8C717351AD2B3E40016054B /* UIImage+animatedGIF.m */ = {isa = PBXFileReference; fileEncoding = 4; lastKnownFileType = sourcecode.c.objc; path = "UIImage+animatedGIF.m"; sourceTree = "<group>"; };
		A8C717371AD2B4390016054B /* ImageIO.framework */ = {isa = PBXFileReference; lastKnownFileType = wrapper.framework; name = ImageIO.framework; path = System/Library/Frameworks/ImageIO.framework; sourceTree = SDKROOT; };
		CA848941C109929DE44BCAB5 /* libPods-JACrowdPurchasingApp.a */ = {isa = PBXFileReference; explicitFileType = archive.ar; includeInIndex = 0; path = "libPods-JACrowdPurchasingApp.a"; sourceTree = BUILT_PRODUCTS_DIR; };
/* End PBXFileReference section */

/* Begin PBXFrameworksBuildPhase section */
		88E94ECE1AA7A4C90052FA35 /* Frameworks */ = {
			isa = PBXFrameworksBuildPhase;
			buildActionMask = 2147483647;
			files = (
				A8C717381AD2B4390016054B /* ImageIO.framework in Frameworks */,
				88D4A6051AB36ADC00AAB9A0 /* StoreKit.framework in Frameworks */,
				88D4A6061AB36AE300AAB9A0 /* Security.framework in Frameworks */,
				88D4A6071AB36AE300AAB9A0 /* QuartzCore.framework in Frameworks */,
				88D4A6081AB36AE300AAB9A0 /* MobileCoreServices.framework in Frameworks */,
				88D4A6091AB36AE300AAB9A0 /* CFNetwork.framework in Frameworks */,
				88D4A60A1AB36AE300AAB9A0 /* CoreLocation.framework in Frameworks */,
				88D4A60B1AB36AE300AAB9A0 /* CoreGraphics.framework in Frameworks */,
				88D4A60C1AB36AE300AAB9A0 /* libsqlite3.dylib in Frameworks */,
				88D4A60D1AB36AE300AAB9A0 /* AudioToolbox.framework in Frameworks */,
				88D4A60E1AB36AE300AAB9A0 /* SystemConfiguration.framework in Frameworks */,
				88D4A60F1AB36AE300AAB9A0 /* libz.dylib in Frameworks */,
				A2E458A7B6546632644441BF /* libPods-JACrowdPurchasingApp.a in Frameworks */,
			);
			runOnlyForDeploymentPostprocessing = 0;
		};
		88E94EE71AA7A4C90052FA35 /* Frameworks */ = {
			isa = PBXFrameworksBuildPhase;
			buildActionMask = 2147483647;
			files = (
			);
			runOnlyForDeploymentPostprocessing = 0;
		};
/* End PBXFrameworksBuildPhase section */

/* Begin PBXGroup section */
		883C66081AC1F11400258869 /* Models */ = {
			isa = PBXGroup;
			children = (
				889CE9811AC08BE200F04C0B /* Data Store */,
				889CE9851AC08CBB00F04C0B /* API Client */,
				883C66021AC1DDE500258869 /* DVYCampaign.h */,
				883C65FF1AC1DDE500258869 /* DVYCampaign.m */,
				883C66001AC1DDE500258869 /* DVYUser.h */,
				883C66011AC1DDE500258869 /* DVYUser.m */,
				88B55FD61AC5F0DD002A83AE /* Item.h */,
				88B55FD71AC5F0DD002A83AE /* Item.m */,
				883C66051AC1F03D00258869 /* DVYRelationshipToken.m */,
				883C66061AC1F03D00258869 /* DVYRelationshipToken.h */,
			);
			name = Models;
			sourceTree = "<group>";
		};
		889CE9811AC08BE200F04C0B /* Data Store */ = {
			isa = PBXGroup;
			children = (
				889CE9821AC08C0100F04C0B /* DVYDataStore.h */,
				889CE9831AC08C0100F04C0B /* DVYDataStore.m */,
			);
			name = "Data Store";
			sourceTree = "<group>";
		};
		889CE9851AC08CBB00F04C0B /* API Client */ = {
			isa = PBXGroup;
			children = (
				889CE9861AC08CF400F04C0B /* DVYParseAPIClient.h */,
				889CE9871AC08CF400F04C0B /* DVYParseAPIClient.m */,
				88F19C1B1AE2D3F200914E31 /* DVYBasicAPIClient.h */,
				88F19C1C1AE2D3F200914E31 /* DVYBasicAPIClient.m */,
			);
			name = "API Client";
			sourceTree = "<group>";
		};
		88B55FD21AC5AB43002A83AE /* Controllers */ = {
			isa = PBXGroup;
			children = (
				88F19C351AE49DDF00914E31 /* Search Dvvy Users */,
				88E825741AD431C200BDAFC4 /* Facebook Login */,
				88F3672C1ACAD859009358FA /* HomePage */,
				88F19C211AE306E400914E31 /* Hamburger Table Menu */,
				88F3672D1ACAD866009358FA /* Campaigns */,
				88F19C221AE30B8A00914E31 /* Committed Friends Collection */,
				88E825751AD431D800BDAFC4 /* Create Campaign */,
				88E825791AD432EF00BDAFC4 /* Friends List */,
			);
			name = Controllers;
			sourceTree = "<group>";
		};
		88B55FD31AC5AB4D002A83AE /* Views */ = {
			isa = PBXGroup;
			children = (
				88E94EE31AA7A4C90052FA35 /* LaunchScreen.xib */,
				88E825781AD4328600BDAFC4 /* Campaign Detail View */,
				88E825771AD4326000BDAFC4 /* TableViewCells */,
				88F19C2D1AE3116600914E31 /* CollectionViewCells */,
			);
			name = Views;
			sourceTree = "<group>";
		};
		88D4A5E61AB228F300AAB9A0 /* Frameworks */ = {
			isa = PBXGroup;
			children = (
				A8C717371AD2B4390016054B /* ImageIO.framework */,
				88EF0BF21ABCCF9300897A21 /* libPods-JACrowdPurchasingApp-Bolts.a */,
				88D4A5E01AB228D700AAB9A0 /* StoreKit.framework */,
				88D4A5DE1AB228D100AAB9A0 /* Security.framework */,
				88D4A5DC1AB228C900AAB9A0 /* QuartzCore.framework */,
				88D4A5DA1AB228C500AAB9A0 /* MobileCoreServices.framework */,
				88D4A5D81AB228BA00AAB9A0 /* CFNetwork.framework */,
				88D4A5D61AB2288500AAB9A0 /* CoreLocation.framework */,
				88D4A5D41AB2288100AAB9A0 /* CoreGraphics.framework */,
				88D4A5D21AB2287200AAB9A0 /* libsqlite3.dylib */,
				88D4A5D01AB2286B00AAB9A0 /* AudioToolbox.framework */,
				88D4A5E21AB228E000AAB9A0 /* SystemConfiguration.framework */,
				88D4A5E41AB228E800AAB9A0 /* libz.dylib */,
				CA848941C109929DE44BCAB5 /* libPods-JACrowdPurchasingApp.a */,
			);
			name = Frameworks;
			sourceTree = "<group>";
		};
		88E825741AD431C200BDAFC4 /* Facebook Login */ = {
			isa = PBXGroup;
			children = (
				889CE98F1AC0AF8E00F04C0B /* DVYFacebookLoginViewController.h */,
				889CE9901AC0AF8E00F04C0B /* DVYFacebookLoginViewController.m */,
				889CE9911AC0AF8E00F04C0B /* DVYFacebookLoginViewController.xib */,
			);
			name = "Facebook Login";
			sourceTree = "<group>";
		};
		88E825751AD431D800BDAFC4 /* Create Campaign */ = {
			isa = PBXGroup;
			children = (
				88D446351AC3701900F1A530 /* DVYCreateCampaignViewController.h */,
				88D446361AC3701900F1A530 /* DVYCreateCampaignViewController.m */,
				88F3672A1AC9DB39009358FA /* DVYCreateCampaignViewController.xib */,
			);
			name = "Create Campaign";
			sourceTree = "<group>";
		};
		88E825761AD4323800BDAFC4 /* Storyboards */ = {
			isa = PBXGroup;
			children = (
				88E94EDE1AA7A4C90052FA35 /* Main.storyboard */,
				88D446331AC36F9F00F1A530 /* CreateFlow.storyboard */,
			);
			name = Storyboards;
			sourceTree = "<group>";
		};
		88E825771AD4326000BDAFC4 /* TableViewCells */ = {
			isa = PBXGroup;
			children = (
				88F19C181AE2BBFF00914E31 /* DVYTableViewCell.xib */,
				889CE9951AC0D9DC00F04C0B /* DVYTableViewCell.h */,
				889CE9961AC0D9DC00F04C0B /* DVYTableViewCell.m */,
				88333A4C1ACB5617000A9E5A /* InviteFriendsTableViewCell.h */,
				88333A4D1ACB5617000A9E5A /* InviteFriendsTableViewCell.m */,
			);
			name = TableViewCells;
			sourceTree = "<group>";
		};
		88E825781AD4328600BDAFC4 /* Campaign Detail View */ = {
			isa = PBXGroup;
			children = (
				88B55FD41AC5B0EA002A83AE /* DVYCampaignDetailView.xib */,
				88D446381AC3708F00F1A530 /* DVYCampaignDetailView.h */,
				88D446391AC3708F00F1A530 /* DVYCampaignDetailView.m */,
			);
			name = "Campaign Detail View";
			sourceTree = "<group>";
		};
		88E825791AD432EF00BDAFC4 /* Friends List */ = {
			isa = PBXGroup;
			children = (
				88D4463E1AC371B400F1A530 /* DVYInviteFriendsTableViewController.h */,
				88D4463F1AC371B400F1A530 /* DVYInviteFriendsTableViewController.m */,
			);
			name = "Friends List";
			sourceTree = "<group>";
		};
		88E94EC81AA7A4C80052FA35 = {
			isa = PBXGroup;
			children = (
				88D4A5E61AB228F300AAB9A0 /* Frameworks */,
				88E94ED31AA7A4C90052FA35 /* JACrowdPurchasingApp */,
				88E94EED1AA7A4C90052FA35 /* JACrowdPurchasingAppTests */,
				88E94ED21AA7A4C90052FA35 /* Products */,
				DC1D40A30D19BB66BEA2E6C6 /* Pods */,
			);
			sourceTree = "<group>";
		};
		88E94ED21AA7A4C90052FA35 /* Products */ = {
			isa = PBXGroup;
			children = (
				88E94ED11AA7A4C90052FA35 /* JACrowdPurchasingApp.app */,
				88E94EEA1AA7A4C90052FA35 /* JACrowdPurchasingAppTests.xctest */,
			);
			name = Products;
			sourceTree = "<group>";
		};
		88E94ED31AA7A4C90052FA35 /* JACrowdPurchasingApp */ = {
			isa = PBXGroup;
			children = (
				88E94ED81AA7A4C90052FA35 /* AppDelegate.h */,
				88E94ED91AA7A4C90052FA35 /* AppDelegate.m */,
				883C66081AC1F11400258869 /* Models */,
				88E825761AD4323800BDAFC4 /* Storyboards */,
				88B55FD31AC5AB4D002A83AE /* Views */,
				88B55FD21AC5AB43002A83AE /* Controllers */,
				88E94ED41AA7A4C90052FA35 /* Supporting Files */,
			);
			path = JACrowdPurchasingApp;
			sourceTree = "<group>";
		};
		88E94ED41AA7A4C90052FA35 /* Supporting Files */ = {
			isa = PBXGroup;
			children = (
				88E94ED61AA7A4C90052FA35 /* main.m */,
				A8A43DA71ACEBABC00B60520 /* UIColor+dvvyColors.h */,
				A8A43DA81ACEBABC00B60520 /* UIColor+dvvyColors.m */,
				A8C717341AD2B3E40016054B /* UIImage+animatedGIF.h */,
				A8C717351AD2B3E40016054B /* UIImage+animatedGIF.m */,
				88E94EE11AA7A4C90052FA35 /* Images.xcassets */,
				A85D884B1AE5AE7800251AEF /* friendsIcon.png */,
				A85D884C1AE5AE7800251AEF /* settingIcon.png */,
				A85D884D1AE5AE7800251AEF /* magGlassIcon.png */,
				A85D884E1AE5AE7800251AEF /* homeIcon.png */,
				A85D884F1AE5AE7800251AEF /* signOutIcon.png */,
				A8C717321AD29EAD0016054B /* Mexican_Pusheen.gif */,
				88E94ED51AA7A4C90052FA35 /* Info.plist */,
			);
			name = "Supporting Files";
			sourceTree = "<group>";
		};
		88E94EED1AA7A4C90052FA35 /* JACrowdPurchasingAppTests */ = {
			isa = PBXGroup;
			children = (
				88E94EF01AA7A4C90052FA35 /* JACrowdPurchasingAppTests.m */,
				88E94EEE1AA7A4C90052FA35 /* Supporting Files */,
			);
			path = JACrowdPurchasingAppTests;
			sourceTree = "<group>";
		};
		88E94EEE1AA7A4C90052FA35 /* Supporting Files */ = {
			isa = PBXGroup;
			children = (
				88E94EEF1AA7A4C90052FA35 /* Info.plist */,
			);
			name = "Supporting Files";
			sourceTree = "<group>";
		};
		88F19C211AE306E400914E31 /* Hamburger Table Menu */ = {
			isa = PBXGroup;
			children = (
				88F19C311AE497AD00914E31 /* SWRevealViewController */,
				88F19C2E1AE4976600914E31 /* HamburgerMenuViewController.h */,
				88F19C2F1AE4976600914E31 /* HamburgerMenuViewController.m */,
			);
			name = "Hamburger Table Menu";
			sourceTree = "<group>";
		};
		88F19C221AE30B8A00914E31 /* Committed Friends Collection */ = {
			isa = PBXGroup;
			children = (
				88F19C231AE30C1700914E31 /* DVYCommittedFriendsCollectionViewController.h */,
				88F19C241AE30C1700914E31 /* DVYCommittedFriendsCollectionViewController.m */,
				88F19C251AE30C1700914E31 /* DVYCommittedFriendsCollectionViewController.xib */,
			);
			name = "Committed Friends Collection";
			sourceTree = "<group>";
		};
		88F19C2D1AE3116600914E31 /* CollectionViewCells */ = {
			isa = PBXGroup;
			children = (
				88F19C281AE3113C00914E31 /* FriendCollectionViewCell.h */,
				88F19C291AE3113C00914E31 /* FriendCollectionViewCell.m */,
				88F19C2A1AE3113C00914E31 /* FriendCollectionViewCell.xib */,
			);
			name = CollectionViewCells;
			sourceTree = "<group>";
		};
		88F19C311AE497AD00914E31 /* SWRevealViewController */ = {
			isa = PBXGroup;
			children = (
				88F19C1E1AE3068800914E31 /* SWRevealViewController.h */,
				88F19C1F1AE3068800914E31 /* SWRevealViewController.m */,
			);
			name = SWRevealViewController;
			sourceTree = "<group>";
		};
		88F19C351AE49DDF00914E31 /* Search Dvvy Users */ = {
			isa = PBXGroup;
			children = (
				88F19C321AE49DC400914E31 /* SearchDvvyUsersViewController.h */,
				88F19C331AE49DC400914E31 /* SearchDvvyUsersViewController.m */,
			);
			name = "Search Dvvy Users";
			sourceTree = "<group>";
		};
		88F3672C1ACAD859009358FA /* HomePage */ = {
			isa = PBXGroup;
			children = (
				88EF0BF61ABCD57900897A21 /* DVYHomePageViewController.h */,
				88EF0BF71ABCD57900897A21 /* DVYHomePageViewController.m */,
			);
			name = HomePage;
			sourceTree = "<group>";
		};
		88F3672D1ACAD866009358FA /* Campaigns */ = {
			isa = PBXGroup;
			children = (
				88D4463B1AC370D600F1A530 /* DVYSelfCampaignViewController.h */,
				88D4463C1AC370D600F1A530 /* DVYSelfCampaignViewController.m */,
				88F367281AC9C670009358FA /* DVYSelfCampaignViewController.xib */,
				88B560121AC999BC002A83AE /* DVYOtherCampaignViewController.h */,
				88B560131AC999BC002A83AE /* DVYOtherCampaignViewController.m */,
				88B560141AC999BC002A83AE /* DVYOtherCampaignViewController.xib */,
			);
			name = Campaigns;
			sourceTree = "<group>";
		};
		DC1D40A30D19BB66BEA2E6C6 /* Pods */ = {
			isa = PBXGroup;
			children = (
				347DA0D6EB713E0622E32F32 /* Pods-JACrowdPurchasingApp.debug.xcconfig */,
				4BC1FCC98B618CDBA8E44809 /* Pods-JACrowdPurchasingApp.release.xcconfig */,
			);
			name = Pods;
			sourceTree = "<group>";
		};
/* End PBXGroup section */

/* Begin PBXNativeTarget section */
		88E94ED01AA7A4C90052FA35 /* JACrowdPurchasingApp */ = {
			isa = PBXNativeTarget;
			buildConfigurationList = 88E94EF41AA7A4C90052FA35 /* Build configuration list for PBXNativeTarget "JACrowdPurchasingApp" */;
			buildPhases = (
				88CFE19D0DD0C8E9089D2514 /* Check Pods Manifest.lock */,
				88E94ECD1AA7A4C90052FA35 /* Sources */,
				88E94ECE1AA7A4C90052FA35 /* Frameworks */,
				88E94ECF1AA7A4C90052FA35 /* Resources */,
				CB99B30DBFC164DBA71E5429 /* Copy Pods Resources */,
			);
			buildRules = (
			);
			dependencies = (
			);
			name = JACrowdPurchasingApp;
			productName = JACrowdPurchasingApp;
			productReference = 88E94ED11AA7A4C90052FA35 /* JACrowdPurchasingApp.app */;
			productType = "com.apple.product-type.application";
		};
		88E94EE91AA7A4C90052FA35 /* JACrowdPurchasingAppTests */ = {
			isa = PBXNativeTarget;
			buildConfigurationList = 88E94EF71AA7A4C90052FA35 /* Build configuration list for PBXNativeTarget "JACrowdPurchasingAppTests" */;
			buildPhases = (
				88E94EE61AA7A4C90052FA35 /* Sources */,
				88E94EE71AA7A4C90052FA35 /* Frameworks */,
				88E94EE81AA7A4C90052FA35 /* Resources */,
			);
			buildRules = (
			);
			dependencies = (
				88E94EEC1AA7A4C90052FA35 /* PBXTargetDependency */,
			);
			name = JACrowdPurchasingAppTests;
			productName = JACrowdPurchasingAppTests;
			productReference = 88E94EEA1AA7A4C90052FA35 /* JACrowdPurchasingAppTests.xctest */;
			productType = "com.apple.product-type.bundle.unit-test";
		};
/* End PBXNativeTarget section */

/* Begin PBXProject section */
		88E94EC91AA7A4C80052FA35 /* Project object */ = {
			isa = PBXProject;
			attributes = {
				LastUpgradeCheck = 0610;
				ORGANIZATIONNAME = "Anish Kumar";
				TargetAttributes = {
					88E94ED01AA7A4C90052FA35 = {
						CreatedOnToolsVersion = 6.1.1;
					};
					88E94EE91AA7A4C90052FA35 = {
						CreatedOnToolsVersion = 6.1.1;
						TestTargetID = 88E94ED01AA7A4C90052FA35;
					};
				};
			};
			buildConfigurationList = 88E94ECC1AA7A4C90052FA35 /* Build configuration list for PBXProject "JACrowdPurchasingApp" */;
			compatibilityVersion = "Xcode 3.2";
			developmentRegion = English;
			hasScannedForEncodings = 0;
			knownRegions = (
				en,
				Base,
			);
			mainGroup = 88E94EC81AA7A4C80052FA35;
			productRefGroup = 88E94ED21AA7A4C90052FA35 /* Products */;
			projectDirPath = "";
			projectRoot = "";
			targets = (
				88E94ED01AA7A4C90052FA35 /* JACrowdPurchasingApp */,
				88E94EE91AA7A4C90052FA35 /* JACrowdPurchasingAppTests */,
			);
		};
/* End PBXProject section */

/* Begin PBXResourcesBuildPhase section */
		88E94ECF1AA7A4C90052FA35 /* Resources */ = {
			isa = PBXResourcesBuildPhase;
			buildActionMask = 2147483647;
			files = (
				A85D88541AE5AE7800251AEF /* signOutIcon.png in Resources */,
				88F3672B1AC9DB39009358FA /* DVYCreateCampaignViewController.xib in Resources */,
				88E94EE01AA7A4C90052FA35 /* Main.storyboard in Resources */,
				88E94EE51AA7A4C90052FA35 /* LaunchScreen.xib in Resources */,
				88F367291AC9C670009358FA /* DVYSelfCampaignViewController.xib in Resources */,
				88B560161AC999BC002A83AE /* DVYOtherCampaignViewController.xib in Resources */,
				A8C717331AD29EAD0016054B /* Mexican_Pusheen.gif in Resources */,
				A85D88531AE5AE7800251AEF /* homeIcon.png in Resources */,
				A85D88511AE5AE7800251AEF /* settingIcon.png in Resources */,
				88F19C2C1AE3113C00914E31 /* FriendCollectionViewCell.xib in Resources */,
				88E94EE21AA7A4C90052FA35 /* Images.xcassets in Resources */,
				A85D88501AE5AE7800251AEF /* friendsIcon.png in Resources */,
				889CE9931AC0AF8E00F04C0B /* DVYFacebookLoginViewController.xib in Resources */,
				A85D88521AE5AE7800251AEF /* magGlassIcon.png in Resources */,
				88D446341AC36F9F00F1A530 /* CreateFlow.storyboard in Resources */,
				88B55FD51AC5B0EB002A83AE /* DVYCampaignDetailView.xib in Resources */,
				88F19C1A1AE2BBFF00914E31 /* DVYTableViewCell.xib in Resources */,
				88F19C271AE30C1700914E31 /* DVYCommittedFriendsCollectionViewController.xib in Resources */,
			);
			runOnlyForDeploymentPostprocessing = 0;
		};
		88E94EE81AA7A4C90052FA35 /* Resources */ = {
			isa = PBXResourcesBuildPhase;
			buildActionMask = 2147483647;
			files = (
			);
			runOnlyForDeploymentPostprocessing = 0;
		};
/* End PBXResourcesBuildPhase section */

/* Begin PBXShellScriptBuildPhase section */
		88CFE19D0DD0C8E9089D2514 /* Check Pods Manifest.lock */ = {
			isa = PBXShellScriptBuildPhase;
			buildActionMask = 2147483647;
			files = (
			);
			inputPaths = (
			);
			name = "Check Pods Manifest.lock";
			outputPaths = (
			);
			runOnlyForDeploymentPostprocessing = 0;
			shellPath = /bin/sh;
			shellScript = "diff \"${PODS_ROOT}/../Podfile.lock\" \"${PODS_ROOT}/Manifest.lock\" > /dev/null\nif [[ $? != 0 ]] ; then\n    cat << EOM\nerror: The sandbox is not in sync with the Podfile.lock. Run 'pod install' or update your CocoaPods installation.\nEOM\n    exit 1\nfi\n";
			showEnvVarsInLog = 0;
		};
		CB99B30DBFC164DBA71E5429 /* Copy Pods Resources */ = {
			isa = PBXShellScriptBuildPhase;
			buildActionMask = 2147483647;
			files = (
			);
			inputPaths = (
			);
			name = "Copy Pods Resources";
			outputPaths = (
			);
			runOnlyForDeploymentPostprocessing = 0;
			shellPath = /bin/sh;
			shellScript = "\"${SRCROOT}/Pods/Target Support Files/Pods-JACrowdPurchasingApp/Pods-JACrowdPurchasingApp-resources.sh\"\n";
			showEnvVarsInLog = 0;
		};
/* End PBXShellScriptBuildPhase section */

/* Begin PBXSourcesBuildPhase section */
		88E94ECD1AA7A4C90052FA35 /* Sources */ = {
			isa = PBXSourcesBuildPhase;
			buildActionMask = 2147483647;
			files = (
				88E94EDA1AA7A4C90052FA35 /* AppDelegate.m in Sources */,
				889CE9921AC0AF8E00F04C0B /* DVYFacebookLoginViewController.m in Sources */,
				883C66031AC1DDE500258869 /* DVYCampaign.m in Sources */,
				88F19C261AE30C1700914E31 /* DVYCommittedFriendsCollectionViewController.m in Sources */,
				88D4463A1AC3708F00F1A530 /* DVYCampaignDetailView.m in Sources */,
				88F19C1D1AE2D3F200914E31 /* DVYBasicAPIClient.m in Sources */,
				889CE9881AC08CF400F04C0B /* DVYParseAPIClient.m in Sources */,
				88D4463D1AC370D600F1A530 /* DVYSelfCampaignViewController.m in Sources */,
				883C66071AC1F03D00258869 /* DVYRelationshipToken.m in Sources */,
				88333A4E1ACB5617000A9E5A /* InviteFriendsTableViewCell.m in Sources */,
				88F19C2B1AE3113C00914E31 /* FriendCollectionViewCell.m in Sources */,
				88D446371AC3701900F1A530 /* DVYCreateCampaignViewController.m in Sources */,
				889CE9841AC08C0100F04C0B /* DVYDataStore.m in Sources */,
				883C66041AC1DDE500258869 /* DVYUser.m in Sources */,
				88D446401AC371B400F1A530 /* DVYInviteFriendsTableViewController.m in Sources */,
				A8A43DA91ACEBABC00B60520 /* UIColor+dvvyColors.m in Sources */,
				88F19C201AE3068800914E31 /* SWRevealViewController.m in Sources */,
				88F19C301AE4976600914E31 /* HamburgerMenuViewController.m in Sources */,
				88B55FD81AC5F0DD002A83AE /* Item.m in Sources */,
				88E94ED71AA7A4C90052FA35 /* main.m in Sources */,
				A8C717361AD2B3E40016054B /* UIImage+animatedGIF.m in Sources */,
				88B560151AC999BC002A83AE /* DVYOtherCampaignViewController.m in Sources */,
				88EF0BF91ABCD57900897A21 /* DVYHomePageViewController.m in Sources */,
				88F19C341AE49DC400914E31 /* SearchDvvyUsersViewController.m in Sources */,
				889CE9971AC0D9DC00F04C0B /* DVYTableViewCell.m in Sources */,
			);
			runOnlyForDeploymentPostprocessing = 0;
		};
		88E94EE61AA7A4C90052FA35 /* Sources */ = {
			isa = PBXSourcesBuildPhase;
			buildActionMask = 2147483647;
			files = (
				88E94EF11AA7A4C90052FA35 /* JACrowdPurchasingAppTests.m in Sources */,
			);
			runOnlyForDeploymentPostprocessing = 0;
		};
/* End PBXSourcesBuildPhase section */

/* Begin PBXTargetDependency section */
		88E94EEC1AA7A4C90052FA35 /* PBXTargetDependency */ = {
			isa = PBXTargetDependency;
			target = 88E94ED01AA7A4C90052FA35 /* JACrowdPurchasingApp */;
			targetProxy = 88E94EEB1AA7A4C90052FA35 /* PBXContainerItemProxy */;
		};
/* End PBXTargetDependency section */

/* Begin PBXVariantGroup section */
		88E94EDE1AA7A4C90052FA35 /* Main.storyboard */ = {
			isa = PBXVariantGroup;
			children = (
				88E94EDF1AA7A4C90052FA35 /* Base */,
			);
			name = Main.storyboard;
			sourceTree = "<group>";
		};
		88E94EE31AA7A4C90052FA35 /* LaunchScreen.xib */ = {
			isa = PBXVariantGroup;
			children = (
				88E94EE41AA7A4C90052FA35 /* Base */,
			);
			name = LaunchScreen.xib;
			sourceTree = "<group>";
		};
/* End PBXVariantGroup section */

/* Begin XCBuildConfiguration section */
		88E94EF21AA7A4C90052FA35 /* Debug */ = {
			isa = XCBuildConfiguration;
			buildSettings = {
				ALWAYS_SEARCH_USER_PATHS = NO;
				CLANG_CXX_LANGUAGE_STANDARD = "gnu++0x";
				CLANG_CXX_LIBRARY = "libc++";
				CLANG_ENABLE_MODULES = YES;
				CLANG_ENABLE_OBJC_ARC = YES;
				CLANG_WARN_BOOL_CONVERSION = YES;
				CLANG_WARN_CONSTANT_CONVERSION = YES;
				CLANG_WARN_DIRECT_OBJC_ISA_USAGE = YES_ERROR;
				CLANG_WARN_EMPTY_BODY = YES;
				CLANG_WARN_ENUM_CONVERSION = YES;
				CLANG_WARN_INT_CONVERSION = YES;
				CLANG_WARN_OBJC_ROOT_CLASS = YES_ERROR;
				CLANG_WARN_UNREACHABLE_CODE = YES;
				CLANG_WARN__DUPLICATE_METHOD_MATCH = YES;
				"CODE_SIGN_IDENTITY[sdk=iphoneos*]" = "iPhone Developer";
				COPY_PHASE_STRIP = NO;
				ENABLE_STRICT_OBJC_MSGSEND = YES;
				GCC_C_LANGUAGE_STANDARD = gnu99;
				GCC_DYNAMIC_NO_PIC = NO;
				GCC_OPTIMIZATION_LEVEL = 0;
				GCC_PREPROCESSOR_DEFINITIONS = (
					"DEBUG=1",
					"$(inherited)",
				);
				GCC_SYMBOLS_PRIVATE_EXTERN = NO;
				GCC_WARN_64_TO_32_BIT_CONVERSION = YES;
				GCC_WARN_ABOUT_RETURN_TYPE = YES_ERROR;
				GCC_WARN_UNDECLARED_SELECTOR = YES;
				GCC_WARN_UNINITIALIZED_AUTOS = YES_AGGRESSIVE;
				GCC_WARN_UNUSED_FUNCTION = YES;
				GCC_WARN_UNUSED_VARIABLE = YES;
				IPHONEOS_DEPLOYMENT_TARGET = 8.1;
				MTL_ENABLE_DEBUG_INFO = YES;
				ONLY_ACTIVE_ARCH = YES;
				SDKROOT = iphoneos;
				TARGETED_DEVICE_FAMILY = "1,2";
			};
			name = Debug;
		};
		88E94EF31AA7A4C90052FA35 /* Release */ = {
			isa = XCBuildConfiguration;
			buildSettings = {
				ALWAYS_SEARCH_USER_PATHS = NO;
				CLANG_CXX_LANGUAGE_STANDARD = "gnu++0x";
				CLANG_CXX_LIBRARY = "libc++";
				CLANG_ENABLE_MODULES = YES;
				CLANG_ENABLE_OBJC_ARC = YES;
				CLANG_WARN_BOOL_CONVERSION = YES;
				CLANG_WARN_CONSTANT_CONVERSION = YES;
				CLANG_WARN_DIRECT_OBJC_ISA_USAGE = YES_ERROR;
				CLANG_WARN_EMPTY_BODY = YES;
				CLANG_WARN_ENUM_CONVERSION = YES;
				CLANG_WARN_INT_CONVERSION = YES;
				CLANG_WARN_OBJC_ROOT_CLASS = YES_ERROR;
				CLANG_WARN_UNREACHABLE_CODE = YES;
				CLANG_WARN__DUPLICATE_METHOD_MATCH = YES;
				"CODE_SIGN_IDENTITY[sdk=iphoneos*]" = "iPhone Developer";
				COPY_PHASE_STRIP = YES;
				ENABLE_NS_ASSERTIONS = NO;
				ENABLE_STRICT_OBJC_MSGSEND = YES;
				GCC_C_LANGUAGE_STANDARD = gnu99;
				GCC_WARN_64_TO_32_BIT_CONVERSION = YES;
				GCC_WARN_ABOUT_RETURN_TYPE = YES_ERROR;
				GCC_WARN_UNDECLARED_SELECTOR = YES;
				GCC_WARN_UNINITIALIZED_AUTOS = YES_AGGRESSIVE;
				GCC_WARN_UNUSED_FUNCTION = YES;
				GCC_WARN_UNUSED_VARIABLE = YES;
				IPHONEOS_DEPLOYMENT_TARGET = 8.1;
				MTL_ENABLE_DEBUG_INFO = NO;
				SDKROOT = iphoneos;
				TARGETED_DEVICE_FAMILY = "1,2";
				VALIDATE_PRODUCT = YES;
			};
			name = Release;
		};
		88E94EF51AA7A4C90052FA35 /* Debug */ = {
			isa = XCBuildConfiguration;
			baseConfigurationReference = 347DA0D6EB713E0622E32F32 /* Pods-JACrowdPurchasingApp.debug.xcconfig */;
			buildSettings = {
				ASSETCATALOG_COMPILER_APPICON_NAME = AppIcon;
				CODE_SIGN_IDENTITY = "iPhone Developer";
				FRAMEWORK_SEARCH_PATHS = (
					"$(inherited)",
					"$(PROJECT_DIR)/parse-library-1.6.4",
				);
				INFOPLIST_FILE = JACrowdPurchasingApp/Info.plist;
				LD_RUNPATH_SEARCH_PATHS = "$(inherited) @executable_path/Frameworks";
				LIBRARY_SEARCH_PATHS = (
					"$(inherited)",
					"$(PROJECT_DIR)/Pods/build/Debug-iphoneos",
				);
				PRODUCT_NAME = "$(TARGET_NAME)";
			};
			name = Debug;
		};
		88E94EF61AA7A4C90052FA35 /* Release */ = {
			isa = XCBuildConfiguration;
			baseConfigurationReference = 4BC1FCC98B618CDBA8E44809 /* Pods-JACrowdPurchasingApp.release.xcconfig */;
			buildSettings = {
				ASSETCATALOG_COMPILER_APPICON_NAME = AppIcon;
				CODE_SIGN_IDENTITY = "iPhone Developer";
				FRAMEWORK_SEARCH_PATHS = (
					"$(inherited)",
					"$(PROJECT_DIR)/parse-library-1.6.4",
				);
				INFOPLIST_FILE = JACrowdPurchasingApp/Info.plist;
				LD_RUNPATH_SEARCH_PATHS = "$(inherited) @executable_path/Frameworks";
				LIBRARY_SEARCH_PATHS = (
					"$(inherited)",
					"$(PROJECT_DIR)/Pods/build/Debug-iphoneos",
				);
				PRODUCT_NAME = "$(TARGET_NAME)";
			};
			name = Release;
		};
		88E94EF81AA7A4C90052FA35 /* Debug */ = {
			isa = XCBuildConfiguration;
			buildSettings = {
				BUNDLE_LOADER = "$(TEST_HOST)";
				FRAMEWORK_SEARCH_PATHS = (
					"$(SDKROOT)/Developer/Library/Frameworks",
					"$(inherited)",
				);
				GCC_PREPROCESSOR_DEFINITIONS = (
					"DEBUG=1",
					"$(inherited)",
				);
				INFOPLIST_FILE = JACrowdPurchasingAppTests/Info.plist;
				LD_RUNPATH_SEARCH_PATHS = "$(inherited) @executable_path/Frameworks @loader_path/Frameworks";
				PRODUCT_NAME = "$(TARGET_NAME)";
				TEST_HOST = "$(BUILT_PRODUCTS_DIR)/JACrowdPurchasingApp.app/JACrowdPurchasingApp";
			};
			name = Debug;
		};
		88E94EF91AA7A4C90052FA35 /* Release */ = {
			isa = XCBuildConfiguration;
			buildSettings = {
				BUNDLE_LOADER = "$(TEST_HOST)";
				FRAMEWORK_SEARCH_PATHS = (
					"$(SDKROOT)/Developer/Library/Frameworks",
					"$(inherited)",
				);
				INFOPLIST_FILE = JACrowdPurchasingAppTests/Info.plist;
				LD_RUNPATH_SEARCH_PATHS = "$(inherited) @executable_path/Frameworks @loader_path/Frameworks";
				PRODUCT_NAME = "$(TARGET_NAME)";
				TEST_HOST = "$(BUILT_PRODUCTS_DIR)/JACrowdPurchasingApp.app/JACrowdPurchasingApp";
			};
			name = Release;
		};
/* End XCBuildConfiguration section */

/* Begin XCConfigurationList section */
		88E94ECC1AA7A4C90052FA35 /* Build configuration list for PBXProject "JACrowdPurchasingApp" */ = {
			isa = XCConfigurationList;
			buildConfigurations = (
				88E94EF21AA7A4C90052FA35 /* Debug */,
				88E94EF31AA7A4C90052FA35 /* Release */,
			);
			defaultConfigurationIsVisible = 0;
			defaultConfigurationName = Release;
		};
		88E94EF41AA7A4C90052FA35 /* Build configuration list for PBXNativeTarget "JACrowdPurchasingApp" */ = {
			isa = XCConfigurationList;
			buildConfigurations = (
				88E94EF51AA7A4C90052FA35 /* Debug */,
				88E94EF61AA7A4C90052FA35 /* Release */,
			);
			defaultConfigurationIsVisible = 0;
			defaultConfigurationName = Release;
		};
		88E94EF71AA7A4C90052FA35 /* Build configuration list for PBXNativeTarget "JACrowdPurchasingAppTests" */ = {
			isa = XCConfigurationList;
			buildConfigurations = (
				88E94EF81AA7A4C90052FA35 /* Debug */,
				88E94EF91AA7A4C90052FA35 /* Release */,
			);
			defaultConfigurationIsVisible = 0;
			defaultConfigurationName = Release;
		};
/* End XCConfigurationList section */
	};
	rootObject = 88E94EC91AA7A4C80052FA35 /* Project object */;
}
