// !$*UTF8*$!
{
	archiveVersion = 1;
	classes = {
	};
	objectVersion = 46;
	objects = {

/* Begin PBXBuildFile section */
		88E94ED71AA7A4C90052FA35 /* main.m in Sources */ = {isa = PBXBuildFile; fileRef = 88E94ED61AA7A4C90052FA35 /* main.m */; };
		88E94EDA1AA7A4C90052FA35 /* AppDelegate.m in Sources */ = {isa = PBXBuildFile; fileRef = 88E94ED91AA7A4C90052FA35 /* AppDelegate.m */; };
		88E94EDD1AA7A4C90052FA35 /* ViewController.m in Sources */ = {isa = PBXBuildFile; fileRef = 88E94EDC1AA7A4C90052FA35 /* ViewController.m */; };
		88E94EE01AA7A4C90052FA35 /* Main.storyboard in Resources */ = {isa = PBXBuildFile; fileRef = 88E94EDE1AA7A4C90052FA35 /* Main.storyboard */; };
		88E94EE21AA7A4C90052FA35 /* Images.xcassets in Resources */ = {isa = PBXBuildFile; fileRef = 88E94EE11AA7A4C90052FA35 /* Images.xcassets */; };
		88E94EE51AA7A4C90052FA35 /* LaunchScreen.xib in Resources */ = {isa = PBXBuildFile; fileRef = 88E94EE31AA7A4C90052FA35 /* LaunchScreen.xib */; };
		88E94EF11AA7A4C90052FA35 /* JACrowdPurchasingAppTests.m in Sources */ = {isa = PBXBuildFile; fileRef = 88E94EF01AA7A4C90052FA35 /* JACrowdPurchasingAppTests.m */; };
		A85736161AB20EB0001B9D85 /* DVYIntroPageViewController.m in Sources */ = {isa = PBXBuildFile; fileRef = A85736141AB20EB0001B9D85 /* DVYIntroPageViewController.m */; };
		A85736171AB20EB0001B9D85 /* DVYIntroPageViewController.xib in Resources */ = {isa = PBXBuildFile; fileRef = A85736151AB20EB0001B9D85 /* DVYIntroPageViewController.xib */; };
		A857361F1AB218BA001B9D85 /* Bolts.framework in Frameworks */ = {isa = PBXBuildFile; fileRef = A857361A1AB218BA001B9D85 /* Bolts.framework */; };
		A85736201AB218BA001B9D85 /* Parse.framework in Frameworks */ = {isa = PBXBuildFile; fileRef = A857361B1AB218BA001B9D85 /* Parse.framework */; };
		A85736211AB218BA001B9D85 /* ParseCrashReporting.framework in Frameworks */ = {isa = PBXBuildFile; fileRef = A857361C1AB218BA001B9D85 /* ParseCrashReporting.framework */; };
		A85736221AB218BA001B9D85 /* ParseFacebookUtils.framework in Frameworks */ = {isa = PBXBuildFile; fileRef = A857361D1AB218BA001B9D85 /* ParseFacebookUtils.framework */; };
		A85736231AB218BA001B9D85 /* ParseUI.framework in Frameworks */ = {isa = PBXBuildFile; fileRef = A857361E1AB218BA001B9D85 /* ParseUI.framework */; };
		A85736251AB218F7001B9D85 /* Accounts.framework in Frameworks */ = {isa = PBXBuildFile; fileRef = A85736241AB218F7001B9D85 /* Accounts.framework */; };
		A85736271AB218FD001B9D85 /* AudioToolbox.framework in Frameworks */ = {isa = PBXBuildFile; fileRef = A85736261AB218FD001B9D85 /* AudioToolbox.framework */; };
		A85736291AB21902001B9D85 /* CFNetwork.framework in Frameworks */ = {isa = PBXBuildFile; fileRef = A85736281AB21902001B9D85 /* CFNetwork.framework */; };
		A857362B1AB21906001B9D85 /* CoreGraphics.framework in Frameworks */ = {isa = PBXBuildFile; fileRef = A857362A1AB21906001B9D85 /* CoreGraphics.framework */; };
		A857362D1AB2190B001B9D85 /* CoreLocation.framework in Frameworks */ = {isa = PBXBuildFile; fileRef = A857362C1AB2190B001B9D85 /* CoreLocation.framework */; };
		A857362F1AB21911001B9D85 /* MobileCoreServices.framework in Frameworks */ = {isa = PBXBuildFile; fileRef = A857362E1AB21911001B9D85 /* MobileCoreServices.framework */; };
		A85736311AB21916001B9D85 /* QuartzCore.framework in Frameworks */ = {isa = PBXBuildFile; fileRef = A85736301AB21916001B9D85 /* QuartzCore.framework */; };
		A85736331AB21925001B9D85 /* Security.framework in Frameworks */ = {isa = PBXBuildFile; fileRef = A85736321AB21925001B9D85 /* Security.framework */; };
		A85736351AB21929001B9D85 /* Social.framework in Frameworks */ = {isa = PBXBuildFile; fileRef = A85736341AB21929001B9D85 /* Social.framework */; };
		A85736371AB2192D001B9D85 /* StoreKit.framework in Frameworks */ = {isa = PBXBuildFile; fileRef = A85736361AB2192D001B9D85 /* StoreKit.framework */; };
		A85736391AB21933001B9D85 /* SystemConfiguration.framework in Frameworks */ = {isa = PBXBuildFile; fileRef = A85736381AB21933001B9D85 /* SystemConfiguration.framework */; };
		A857363B1AB21939001B9D85 /* libz.dylib in Frameworks */ = {isa = PBXBuildFile; fileRef = A857363A1AB21939001B9D85 /* libz.dylib */; };
		A857363D1AB21941001B9D85 /* libsqlite3.dylib in Frameworks */ = {isa = PBXBuildFile; fileRef = A857363C1AB21941001B9D85 /* libsqlite3.dylib */; };
/* End PBXBuildFile section */

/* Begin PBXContainerItemProxy section */
		88E94EEB1AA7A4C90052FA35 /* PBXContainerItemProxy */ = {
			isa = PBXContainerItemProxy;
			containerPortal = 88E94EC91AA7A4C80052FA35 /* Project object */;
			proxyType = 1;
			remoteGlobalIDString = 88E94ED01AA7A4C90052FA35;
			remoteInfo = JACrowdPurchasingApp;
		};
/* End PBXContainerItemProxy section */

/* Begin PBXFileReference section */
		88E94ED11AA7A4C90052FA35 /* JACrowdPurchasingApp.app */ = {isa = PBXFileReference; explicitFileType = wrapper.application; includeInIndex = 0; path = JACrowdPurchasingApp.app; sourceTree = BUILT_PRODUCTS_DIR; };
		88E94ED51AA7A4C90052FA35 /* Info.plist */ = {isa = PBXFileReference; lastKnownFileType = text.plist.xml; path = Info.plist; sourceTree = "<group>"; };
		88E94ED61AA7A4C90052FA35 /* main.m */ = {isa = PBXFileReference; lastKnownFileType = sourcecode.c.objc; path = main.m; sourceTree = "<group>"; };
		88E94ED81AA7A4C90052FA35 /* AppDelegate.h */ = {isa = PBXFileReference; lastKnownFileType = sourcecode.c.h; path = AppDelegate.h; sourceTree = "<group>"; };
		88E94ED91AA7A4C90052FA35 /* AppDelegate.m */ = {isa = PBXFileReference; lastKnownFileType = sourcecode.c.objc; path = AppDelegate.m; sourceTree = "<group>"; };
		88E94EDB1AA7A4C90052FA35 /* ViewController.h */ = {isa = PBXFileReference; lastKnownFileType = sourcecode.c.h; path = ViewController.h; sourceTree = "<group>"; };
		88E94EDC1AA7A4C90052FA35 /* ViewController.m */ = {isa = PBXFileReference; lastKnownFileType = sourcecode.c.objc; path = ViewController.m; sourceTree = "<group>"; };
		88E94EDF1AA7A4C90052FA35 /* Base */ = {isa = PBXFileReference; lastKnownFileType = file.storyboard; name = Base; path = Base.lproj/Main.storyboard; sourceTree = "<group>"; };
		88E94EE11AA7A4C90052FA35 /* Images.xcassets */ = {isa = PBXFileReference; lastKnownFileType = folder.assetcatalog; path = Images.xcassets; sourceTree = "<group>"; };
		88E94EE41AA7A4C90052FA35 /* Base */ = {isa = PBXFileReference; lastKnownFileType = file.xib; name = Base; path = Base.lproj/LaunchScreen.xib; sourceTree = "<group>"; };
		88E94EEA1AA7A4C90052FA35 /* JACrowdPurchasingAppTests.xctest */ = {isa = PBXFileReference; explicitFileType = wrapper.cfbundle; includeInIndex = 0; path = JACrowdPurchasingAppTests.xctest; sourceTree = BUILT_PRODUCTS_DIR; };
		88E94EEF1AA7A4C90052FA35 /* Info.plist */ = {isa = PBXFileReference; lastKnownFileType = text.plist.xml; path = Info.plist; sourceTree = "<group>"; };
		88E94EF01AA7A4C90052FA35 /* JACrowdPurchasingAppTests.m */ = {isa = PBXFileReference; lastKnownFileType = sourcecode.c.objc; path = JACrowdPurchasingAppTests.m; sourceTree = "<group>"; };
		A85736131AB20EB0001B9D85 /* DVYIntroPageViewController.h */ = {isa = PBXFileReference; fileEncoding = 4; lastKnownFileType = sourcecode.c.h; path = DVYIntroPageViewController.h; sourceTree = "<group>"; };
		A85736141AB20EB0001B9D85 /* DVYIntroPageViewController.m */ = {isa = PBXFileReference; fileEncoding = 4; lastKnownFileType = sourcecode.c.objc; path = DVYIntroPageViewController.m; sourceTree = "<group>"; };
		A85736151AB20EB0001B9D85 /* DVYIntroPageViewController.xib */ = {isa = PBXFileReference; fileEncoding = 4; lastKnownFileType = file.xib; path = DVYIntroPageViewController.xib; sourceTree = "<group>"; };
		A857361A1AB218BA001B9D85 /* Bolts.framework */ = {isa = PBXFileReference; lastKnownFileType = wrapper.framework; path = Bolts.framework; sourceTree = "<group>"; };
		A857361B1AB218BA001B9D85 /* Parse.framework */ = {isa = PBXFileReference; lastKnownFileType = wrapper.framework; path = Parse.framework; sourceTree = "<group>"; };
		A857361C1AB218BA001B9D85 /* ParseCrashReporting.framework */ = {isa = PBXFileReference; lastKnownFileType = wrapper.framework; path = ParseCrashReporting.framework; sourceTree = "<group>"; };
		A857361D1AB218BA001B9D85 /* ParseFacebookUtils.framework */ = {isa = PBXFileReference; lastKnownFileType = wrapper.framework; path = ParseFacebookUtils.framework; sourceTree = "<group>"; };
		A857361E1AB218BA001B9D85 /* ParseUI.framework */ = {isa = PBXFileReference; lastKnownFileType = wrapper.framework; path = ParseUI.framework; sourceTree = "<group>"; };
		A85736241AB218F7001B9D85 /* Accounts.framework */ = {isa = PBXFileReference; lastKnownFileType = wrapper.framework; name = Accounts.framework; path = System/Library/Frameworks/Accounts.framework; sourceTree = SDKROOT; };
		A85736261AB218FD001B9D85 /* AudioToolbox.framework */ = {isa = PBXFileReference; lastKnownFileType = wrapper.framework; name = AudioToolbox.framework; path = System/Library/Frameworks/AudioToolbox.framework; sourceTree = SDKROOT; };
		A85736281AB21902001B9D85 /* CFNetwork.framework */ = {isa = PBXFileReference; lastKnownFileType = wrapper.framework; name = CFNetwork.framework; path = System/Library/Frameworks/CFNetwork.framework; sourceTree = SDKROOT; };
		A857362A1AB21906001B9D85 /* CoreGraphics.framework */ = {isa = PBXFileReference; lastKnownFileType = wrapper.framework; name = CoreGraphics.framework; path = System/Library/Frameworks/CoreGraphics.framework; sourceTree = SDKROOT; };
		A857362C1AB2190B001B9D85 /* CoreLocation.framework */ = {isa = PBXFileReference; lastKnownFileType = wrapper.framework; name = CoreLocation.framework; path = System/Library/Frameworks/CoreLocation.framework; sourceTree = SDKROOT; };
		A857362E1AB21911001B9D85 /* MobileCoreServices.framework */ = {isa = PBXFileReference; lastKnownFileType = wrapper.framework; name = MobileCoreServices.framework; path = System/Library/Frameworks/MobileCoreServices.framework; sourceTree = SDKROOT; };
		A85736301AB21916001B9D85 /* QuartzCore.framework */ = {isa = PBXFileReference; lastKnownFileType = wrapper.framework; name = QuartzCore.framework; path = System/Library/Frameworks/QuartzCore.framework; sourceTree = SDKROOT; };
		A85736321AB21925001B9D85 /* Security.framework */ = {isa = PBXFileReference; lastKnownFileType = wrapper.framework; name = Security.framework; path = System/Library/Frameworks/Security.framework; sourceTree = SDKROOT; };
		A85736341AB21929001B9D85 /* Social.framework */ = {isa = PBXFileReference; lastKnownFileType = wrapper.framework; name = Social.framework; path = System/Library/Frameworks/Social.framework; sourceTree = SDKROOT; };
		A85736361AB2192D001B9D85 /* StoreKit.framework */ = {isa = PBXFileReference; lastKnownFileType = wrapper.framework; name = StoreKit.framework; path = System/Library/Frameworks/StoreKit.framework; sourceTree = SDKROOT; };
		A85736381AB21933001B9D85 /* SystemConfiguration.framework */ = {isa = PBXFileReference; lastKnownFileType = wrapper.framework; name = SystemConfiguration.framework; path = System/Library/Frameworks/SystemConfiguration.framework; sourceTree = SDKROOT; };
		A857363A1AB21939001B9D85 /* libz.dylib */ = {isa = PBXFileReference; lastKnownFileType = "compiled.mach-o.dylib"; name = libz.dylib; path = usr/lib/libz.dylib; sourceTree = SDKROOT; };
		A857363C1AB21941001B9D85 /* libsqlite3.dylib */ = {isa = PBXFileReference; lastKnownFileType = "compiled.mach-o.dylib"; name = libsqlite3.dylib; path = usr/lib/libsqlite3.dylib; sourceTree = SDKROOT; };
/* End PBXFileReference section */

/* Begin PBXFrameworksBuildPhase section */
		88E94ECE1AA7A4C90052FA35 /* Frameworks */ = {
			isa = PBXFrameworksBuildPhase;
			buildActionMask = 2147483647;
			files = (
				A857363D1AB21941001B9D85 /* libsqlite3.dylib in Frameworks */,
				A857363B1AB21939001B9D85 /* libz.dylib in Frameworks */,
				A85736391AB21933001B9D85 /* SystemConfiguration.framework in Frameworks */,
				A85736371AB2192D001B9D85 /* StoreKit.framework in Frameworks */,
				A85736351AB21929001B9D85 /* Social.framework in Frameworks */,
				A85736331AB21925001B9D85 /* Security.framework in Frameworks */,
				A85736311AB21916001B9D85 /* QuartzCore.framework in Frameworks */,
				A857362F1AB21911001B9D85 /* MobileCoreServices.framework in Frameworks */,
				A857362D1AB2190B001B9D85 /* CoreLocation.framework in Frameworks */,
				A857362B1AB21906001B9D85 /* CoreGraphics.framework in Frameworks */,
				A85736291AB21902001B9D85 /* CFNetwork.framework in Frameworks */,
				A85736271AB218FD001B9D85 /* AudioToolbox.framework in Frameworks */,
				A85736251AB218F7001B9D85 /* Accounts.framework in Frameworks */,
				A85736201AB218BA001B9D85 /* Parse.framework in Frameworks */,
				A85736211AB218BA001B9D85 /* ParseCrashReporting.framework in Frameworks */,
				A85736231AB218BA001B9D85 /* ParseUI.framework in Frameworks */,
				A85736221AB218BA001B9D85 /* ParseFacebookUtils.framework in Frameworks */,
				A857361F1AB218BA001B9D85 /* Bolts.framework in Frameworks */,
			);
			runOnlyForDeploymentPostprocessing = 0;
		};
		88E94EE71AA7A4C90052FA35 /* Frameworks */ = {
			isa = PBXFrameworksBuildPhase;
			buildActionMask = 2147483647;
			files = (
			);
			runOnlyForDeploymentPostprocessing = 0;
		};
/* End PBXFrameworksBuildPhase section */

/* Begin PBXGroup section */
		88E94EC81AA7A4C80052FA35 = {
			isa = PBXGroup;
			children = (
				A857363C1AB21941001B9D85 /* libsqlite3.dylib */,
				A857363A1AB21939001B9D85 /* libz.dylib */,
				88E94ED31AA7A4C90052FA35 /* JACrowdPurchasingApp */,
				88E94EED1AA7A4C90052FA35 /* JACrowdPurchasingAppTests */,
				88E94ED21AA7A4C90052FA35 /* Products */,
			);
			sourceTree = "<group>";
		};
		88E94ED21AA7A4C90052FA35 /* Products */ = {
			isa = PBXGroup;
			children = (
				88E94ED11AA7A4C90052FA35 /* JACrowdPurchasingApp.app */,
				88E94EEA1AA7A4C90052FA35 /* JACrowdPurchasingAppTests.xctest */,
			);
			name = Products;
			sourceTree = "<group>";
		};
		88E94ED31AA7A4C90052FA35 /* JACrowdPurchasingApp */ = {
			isa = PBXGroup;
			children = (
				88E94ED81AA7A4C90052FA35 /* AppDelegate.h */,
				88E94ED91AA7A4C90052FA35 /* AppDelegate.m */,
				88E94EDB1AA7A4C90052FA35 /* ViewController.h */,
				88E94EDC1AA7A4C90052FA35 /* ViewController.m */,
				88E94EDE1AA7A4C90052FA35 /* Main.storyboard */,
				88E94EE11AA7A4C90052FA35 /* Images.xcassets */,
				88E94EE31AA7A4C90052FA35 /* LaunchScreen.xib */,
				A85736181AB21893001B9D85 /* Frameworks */,
				88E94ED41AA7A4C90052FA35 /* Supporting Files */,
				A85736131AB20EB0001B9D85 /* DVYIntroPageViewController.h */,
				A85736141AB20EB0001B9D85 /* DVYIntroPageViewController.m */,
				A85736151AB20EB0001B9D85 /* DVYIntroPageViewController.xib */,
			);
			path = JACrowdPurchasingApp;
			sourceTree = "<group>";
		};
		88E94ED41AA7A4C90052FA35 /* Supporting Files */ = {
			isa = PBXGroup;
			children = (
				88E94ED51AA7A4C90052FA35 /* Info.plist */,
				88E94ED61AA7A4C90052FA35 /* main.m */,
			);
			name = "Supporting Files";
			sourceTree = "<group>";
		};
		88E94EED1AA7A4C90052FA35 /* JACrowdPurchasingAppTests */ = {
			isa = PBXGroup;
			children = (
				88E94EF01AA7A4C90052FA35 /* JACrowdPurchasingAppTests.m */,
				88E94EEE1AA7A4C90052FA35 /* Supporting Files */,
			);
			path = JACrowdPurchasingAppTests;
			sourceTree = "<group>";
		};
		88E94EEE1AA7A4C90052FA35 /* Supporting Files */ = {
			isa = PBXGroup;
			children = (
				88E94EEF1AA7A4C90052FA35 /* Info.plist */,
			);
			name = "Supporting Files";
			sourceTree = "<group>";
		};
		A85736181AB21893001B9D85 /* Frameworks */ = {
			isa = PBXGroup;
			children = (
				A85736381AB21933001B9D85 /* SystemConfiguration.framework */,
				A85736361AB2192D001B9D85 /* StoreKit.framework */,
				A85736341AB21929001B9D85 /* Social.framework */,
				A85736321AB21925001B9D85 /* Security.framework */,
				A85736301AB21916001B9D85 /* QuartzCore.framework */,
				A857362E1AB21911001B9D85 /* MobileCoreServices.framework */,
				A857362C1AB2190B001B9D85 /* CoreLocation.framework */,
				A857362A1AB21906001B9D85 /* CoreGraphics.framework */,
				A85736281AB21902001B9D85 /* CFNetwork.framework */,
				A85736261AB218FD001B9D85 /* AudioToolbox.framework */,
				A85736241AB218F7001B9D85 /* Accounts.framework */,
				A85736191AB218BA001B9D85 /* parse-library-1.6.4 */,
			);
			name = Frameworks;
			sourceTree = "<group>";
		};
		A85736191AB218BA001B9D85 /* parse-library-1.6.4 */ = {
			isa = PBXGroup;
			children = (
				A857361A1AB218BA001B9D85 /* Bolts.framework */,
				A857361B1AB218BA001B9D85 /* Parse.framework */,
				A857361C1AB218BA001B9D85 /* ParseCrashReporting.framework */,
				A857361D1AB218BA001B9D85 /* ParseFacebookUtils.framework */,
				A857361E1AB218BA001B9D85 /* ParseUI.framework */,
			);
			path = "parse-library-1.6.4";
			sourceTree = "<group>";
		};
/* End PBXGroup section */

/* Begin PBXNativeTarget section */
		88E94ED01AA7A4C90052FA35 /* JACrowdPurchasingApp */ = {
			isa = PBXNativeTarget;
			buildConfigurationList = 88E94EF41AA7A4C90052FA35 /* Build configuration list for PBXNativeTarget "JACrowdPurchasingApp" */;
			buildPhases = (
				88E94ECD1AA7A4C90052FA35 /* Sources */,
				88E94ECE1AA7A4C90052FA35 /* Frameworks */,
				88E94ECF1AA7A4C90052FA35 /* Resources */,
			);
			buildRules = (
			);
			dependencies = (
			);
			name = JACrowdPurchasingApp;
			productName = JACrowdPurchasingApp;
			productReference = 88E94ED11AA7A4C90052FA35 /* JACrowdPurchasingApp.app */;
			productType = "com.apple.product-type.application";
		};
		88E94EE91AA7A4C90052FA35 /* JACrowdPurchasingAppTests */ = {
			isa = PBXNativeTarget;
			buildConfigurationList = 88E94EF71AA7A4C90052FA35 /* Build configuration list for PBXNativeTarget "JACrowdPurchasingAppTests" */;
			buildPhases = (
				88E94EE61AA7A4C90052FA35 /* Sources */,
				88E94EE71AA7A4C90052FA35 /* Frameworks */,
				88E94EE81AA7A4C90052FA35 /* Resources */,
			);
			buildRules = (
			);
			dependencies = (
				88E94EEC1AA7A4C90052FA35 /* PBXTargetDependency */,
			);
			name = JACrowdPurchasingAppTests;
			productName = JACrowdPurchasingAppTests;
			productReference = 88E94EEA1AA7A4C90052FA35 /* JACrowdPurchasingAppTests.xctest */;
			productType = "com.apple.product-type.bundle.unit-test";
		};
/* End PBXNativeTarget section */

/* Begin PBXProject section */
		88E94EC91AA7A4C80052FA35 /* Project object */ = {
			isa = PBXProject;
			attributes = {
				LastUpgradeCheck = 0610;
				ORGANIZATIONNAME = "Anish Kumar";
				TargetAttributes = {
					88E94ED01AA7A4C90052FA35 = {
						CreatedOnToolsVersion = 6.1.1;
					};
					88E94EE91AA7A4C90052FA35 = {
						CreatedOnToolsVersion = 6.1.1;
						TestTargetID = 88E94ED01AA7A4C90052FA35;
					};
				};
			};
			buildConfigurationList = 88E94ECC1AA7A4C90052FA35 /* Build configuration list for PBXProject "JACrowdPurchasingApp" */;
			compatibilityVersion = "Xcode 3.2";
			developmentRegion = English;
			hasScannedForEncodings = 0;
			knownRegions = (
				en,
				Base,
			);
			mainGroup = 88E94EC81AA7A4C80052FA35;
			productRefGroup = 88E94ED21AA7A4C90052FA35 /* Products */;
			projectDirPath = "";
			projectRoot = "";
			targets = (
				88E94ED01AA7A4C90052FA35 /* JACrowdPurchasingApp */,
				88E94EE91AA7A4C90052FA35 /* JACrowdPurchasingAppTests */,
			);
		};
/* End PBXProject section */

/* Begin PBXResourcesBuildPhase section */
		88E94ECF1AA7A4C90052FA35 /* Resources */ = {
			isa = PBXResourcesBuildPhase;
			buildActionMask = 2147483647;
			files = (
				88E94EE01AA7A4C90052FA35 /* Main.storyboard in Resources */,
				88E94EE51AA7A4C90052FA35 /* LaunchScreen.xib in Resources */,
				A85736171AB20EB0001B9D85 /* DVYIntroPageViewController.xib in Resources */,
				88E94EE21AA7A4C90052FA35 /* Images.xcassets in Resources */,
			);
			runOnlyForDeploymentPostprocessing = 0;
		};
		88E94EE81AA7A4C90052FA35 /* Resources */ = {
			isa = PBXResourcesBuildPhase;
			buildActionMask = 2147483647;
			files = (
			);
			runOnlyForDeploymentPostprocessing = 0;
		};
/* End PBXResourcesBuildPhase section */

/* Begin PBXSourcesBuildPhase section */
		88E94ECD1AA7A4C90052FA35 /* Sources */ = {
			isa = PBXSourcesBuildPhase;
			buildActionMask = 2147483647;
			files = (
				88E94EDD1AA7A4C90052FA35 /* ViewController.m in Sources */,
				88E94EDA1AA7A4C90052FA35 /* AppDelegate.m in Sources */,
				A85736161AB20EB0001B9D85 /* DVYIntroPageViewController.m in Sources */,
				88E94ED71AA7A4C90052FA35 /* main.m in Sources */,
			);
			runOnlyForDeploymentPostprocessing = 0;
		};
		88E94EE61AA7A4C90052FA35 /* Sources */ = {
			isa = PBXSourcesBuildPhase;
			buildActionMask = 2147483647;
			files = (
				88E94EF11AA7A4C90052FA35 /* JACrowdPurchasingAppTests.m in Sources */,
			);
			runOnlyForDeploymentPostprocessing = 0;
		};
/* End PBXSourcesBuildPhase section */

/* Begin PBXTargetDependency section */
		88E94EEC1AA7A4C90052FA35 /* PBXTargetDependency */ = {
			isa = PBXTargetDependency;
			target = 88E94ED01AA7A4C90052FA35 /* JACrowdPurchasingApp */;
			targetProxy = 88E94EEB1AA7A4C90052FA35 /* PBXContainerItemProxy */;
		};
/* End PBXTargetDependency section */

/* Begin PBXVariantGroup section */
		88E94EDE1AA7A4C90052FA35 /* Main.storyboard */ = {
			isa = PBXVariantGroup;
			children = (
				88E94EDF1AA7A4C90052FA35 /* Base */,
			);
			name = Main.storyboard;
			sourceTree = "<group>";
		};
		88E94EE31AA7A4C90052FA35 /* LaunchScreen.xib */ = {
			isa = PBXVariantGroup;
			children = (
				88E94EE41AA7A4C90052FA35 /* Base */,
			);
			name = LaunchScreen.xib;
			sourceTree = "<group>";
		};
/* End PBXVariantGroup section */

/* Begin XCBuildConfiguration section */
		88E94EF21AA7A4C90052FA35 /* Debug */ = {
			isa = XCBuildConfiguration;
			buildSettings = {
				ALWAYS_SEARCH_USER_PATHS = NO;
				CLANG_CXX_LANGUAGE_STANDARD = "gnu++0x";
				CLANG_CXX_LIBRARY = "libc++";
				CLANG_ENABLE_MODULES = YES;
				CLANG_ENABLE_OBJC_ARC = YES;
				CLANG_WARN_BOOL_CONVERSION = YES;
				CLANG_WARN_CONSTANT_CONVERSION = YES;
				CLANG_WARN_DIRECT_OBJC_ISA_USAGE = YES_ERROR;
				CLANG_WARN_EMPTY_BODY = YES;
				CLANG_WARN_ENUM_CONVERSION = YES;
				CLANG_WARN_INT_CONVERSION = YES;
				CLANG_WARN_OBJC_ROOT_CLASS = YES_ERROR;
				CLANG_WARN_UNREACHABLE_CODE = YES;
				CLANG_WARN__DUPLICATE_METHOD_MATCH = YES;
				"CODE_SIGN_IDENTITY[sdk=iphoneos*]" = "iPhone Developer";
				COPY_PHASE_STRIP = NO;
				ENABLE_STRICT_OBJC_MSGSEND = YES;
				GCC_C_LANGUAGE_STANDARD = gnu99;
				GCC_DYNAMIC_NO_PIC = NO;
				GCC_OPTIMIZATION_LEVEL = 0;
				GCC_PREPROCESSOR_DEFINITIONS = (
					"DEBUG=1",
					"$(inherited)",
				);
				GCC_SYMBOLS_PRIVATE_EXTERN = NO;
				GCC_WARN_64_TO_32_BIT_CONVERSION = YES;
				GCC_WARN_ABOUT_RETURN_TYPE = YES_ERROR;
				GCC_WARN_UNDECLARED_SELECTOR = YES;
				GCC_WARN_UNINITIALIZED_AUTOS = YES_AGGRESSIVE;
				GCC_WARN_UNUSED_FUNCTION = YES;
				GCC_WARN_UNUSED_VARIABLE = YES;
				IPHONEOS_DEPLOYMENT_TARGET = 8.1;
				MTL_ENABLE_DEBUG_INFO = YES;
				ONLY_ACTIVE_ARCH = YES;
				SDKROOT = iphoneos;
				TARGETED_DEVICE_FAMILY = "1,2";
			};
			name = Debug;
		};
		88E94EF31AA7A4C90052FA35 /* Release */ = {
			isa = XCBuildConfiguration;
			buildSettings = {
				ALWAYS_SEARCH_USER_PATHS = NO;
				CLANG_CXX_LANGUAGE_STANDARD = "gnu++0x";
				CLANG_CXX_LIBRARY = "libc++";
				CLANG_ENABLE_MODULES = YES;
				CLANG_ENABLE_OBJC_ARC = YES;
				CLANG_WARN_BOOL_CONVERSION = YES;
				CLANG_WARN_CONSTANT_CONVERSION = YES;
				CLANG_WARN_DIRECT_OBJC_ISA_USAGE = YES_ERROR;
				CLANG_WARN_EMPTY_BODY = YES;
				CLANG_WARN_ENUM_CONVERSION = YES;
				CLANG_WARN_INT_CONVERSION = YES;
				CLANG_WARN_OBJC_ROOT_CLASS = YES_ERROR;
				CLANG_WARN_UNREACHABLE_CODE = YES;
				CLANG_WARN__DUPLICATE_METHOD_MATCH = YES;
				"CODE_SIGN_IDENTITY[sdk=iphoneos*]" = "iPhone Developer";
				COPY_PHASE_STRIP = YES;
				ENABLE_NS_ASSERTIONS = NO;
				ENABLE_STRICT_OBJC_MSGSEND = YES;
				GCC_C_LANGUAGE_STANDARD = gnu99;
				GCC_WARN_64_TO_32_BIT_CONVERSION = YES;
				GCC_WARN_ABOUT_RETURN_TYPE = YES_ERROR;
				GCC_WARN_UNDECLARED_SELECTOR = YES;
				GCC_WARN_UNINITIALIZED_AUTOS = YES_AGGRESSIVE;
				GCC_WARN_UNUSED_FUNCTION = YES;
				GCC_WARN_UNUSED_VARIABLE = YES;
				IPHONEOS_DEPLOYMENT_TARGET = 8.1;
				MTL_ENABLE_DEBUG_INFO = NO;
				SDKROOT = iphoneos;
				TARGETED_DEVICE_FAMILY = "1,2";
				VALIDATE_PRODUCT = YES;
			};
			name = Release;
		};
		88E94EF51AA7A4C90052FA35 /* Debug */ = {
			isa = XCBuildConfiguration;
			buildSettings = {
				ASSETCATALOG_COMPILER_APPICON_NAME = AppIcon;
				FRAMEWORK_SEARCH_PATHS = (
					"$(inherited)",
					"$(PROJECT_DIR)/JACrowdPurchasingApp/parse-library-1.6.4",
				);
				INFOPLIST_FILE = JACrowdPurchasingApp/Info.plist;
				LD_RUNPATH_SEARCH_PATHS = "$(inherited) @executable_path/Frameworks";
				PRODUCT_NAME = "$(TARGET_NAME)";
			};
			name = Debug;
		};
		88E94EF61AA7A4C90052FA35 /* Release */ = {
			isa = XCBuildConfiguration;
			buildSettings = {
				ASSETCATALOG_COMPILER_APPICON_NAME = AppIcon;
				FRAMEWORK_SEARCH_PATHS = (
					"$(inherited)",
					"$(PROJECT_DIR)/JACrowdPurchasingApp/parse-library-1.6.4",
				);
				INFOPLIST_FILE = JACrowdPurchasingApp/Info.plist;
				LD_RUNPATH_SEARCH_PATHS = "$(inherited) @executable_path/Frameworks";
				PRODUCT_NAME = "$(TARGET_NAME)";
			};
			name = Release;
		};
		88E94EF81AA7A4C90052FA35 /* Debug */ = {
			isa = XCBuildConfiguration;
			buildSettings = {
				BUNDLE_LOADER = "$(TEST_HOST)";
				FRAMEWORK_SEARCH_PATHS = (
					"$(SDKROOT)/Developer/Library/Frameworks",
					"$(inherited)",
				);
				GCC_PREPROCESSOR_DEFINITIONS = (
					"DEBUG=1",
					"$(inherited)",
				);
				INFOPLIST_FILE = JACrowdPurchasingAppTests/Info.plist;
				LD_RUNPATH_SEARCH_PATHS = "$(inherited) @executable_path/Frameworks @loader_path/Frameworks";
				PRODUCT_NAME = "$(TARGET_NAME)";
				TEST_HOST = "$(BUILT_PRODUCTS_DIR)/JACrowdPurchasingApp.app/JACrowdPurchasingApp";
			};
			name = Debug;
		};
		88E94EF91AA7A4C90052FA35 /* Release */ = {
			isa = XCBuildConfiguration;
			buildSettings = {
				BUNDLE_LOADER = "$(TEST_HOST)";
				FRAMEWORK_SEARCH_PATHS = (
					"$(SDKROOT)/Developer/Library/Frameworks",
					"$(inherited)",
				);
				INFOPLIST_FILE = JACrowdPurchasingAppTests/Info.plist;
				LD_RUNPATH_SEARCH_PATHS = "$(inherited) @executable_path/Frameworks @loader_path/Frameworks";
				PRODUCT_NAME = "$(TARGET_NAME)";
				TEST_HOST = "$(BUILT_PRODUCTS_DIR)/JACrowdPurchasingApp.app/JACrowdPurchasingApp";
			};
			name = Release;
		};
/* End XCBuildConfiguration section */

/* Begin XCConfigurationList section */
		88E94ECC1AA7A4C90052FA35 /* Build configuration list for PBXProject "JACrowdPurchasingApp" */ = {
			isa = XCConfigurationList;
			buildConfigurations = (
				88E94EF21AA7A4C90052FA35 /* Debug */,
				88E94EF31AA7A4C90052FA35 /* Release */,
			);
			defaultConfigurationIsVisible = 0;
			defaultConfigurationName = Release;
		};
		88E94EF41AA7A4C90052FA35 /* Build configuration list for PBXNativeTarget "JACrowdPurchasingApp" */ = {
			isa = XCConfigurationList;
			buildConfigurations = (
				88E94EF51AA7A4C90052FA35 /* Debug */,
				88E94EF61AA7A4C90052FA35 /* Release */,
			);
			defaultConfigurationIsVisible = 0;
			defaultConfigurationName = Release;
		};
		88E94EF71AA7A4C90052FA35 /* Build configuration list for PBXNativeTarget "JACrowdPurchasingAppTests" */ = {
			isa = XCConfigurationList;
			buildConfigurations = (
				88E94EF81AA7A4C90052FA35 /* Debug */,
				88E94EF91AA7A4C90052FA35 /* Release */,
			);
			defaultConfigurationIsVisible = 0;
			defaultConfigurationName = Release;
		};
/* End XCConfigurationList section */
	};
	rootObject = 88E94EC91AA7A4C80052FA35 /* Project object */;
}
